// !$*UTF8*$!
{
	archiveVersion = 1;
	classes = {
	};
	objectVersion = 46;
	objects = {

/* Begin PBXBuildFile section */
		4DBF57B81801A030009CAB2E /* sslstubs.mac.cpp in Sources */ = {isa = PBXBuildFile; fileRef = 4DBF57B71801A030009CAB2E /* sslstubs.mac.cpp */; };
		4DBF57CD1801A3F4009CAB2E /* libcustomcrypto.a in Frameworks */ = {isa = PBXBuildFile; fileRef = 4DBF57CB1801A3EB009CAB2E /* libcustomcrypto.a */; };
		4DBF57CE1801A3F4009CAB2E /* libcustomssl.a in Frameworks */ = {isa = PBXBuildFile; fileRef = 4DBF57CC1801A3F1009CAB2E /* libcustomssl.a */; };
		4DBF57D81801A44C009CAB2E /* dummy.cpp in Sources */ = {isa = PBXBuildFile; fileRef = 4DBF57D71801A447009CAB2E /* dummy.cpp */; };
/* End PBXBuildFile section */

/* Begin PBXFileReference section */
		4DBF57B71801A030009CAB2E /* sslstubs.mac.cpp */ = {isa = PBXFileReference; fileEncoding = 4; lastKnownFileType = sourcecode.cpp.cpp; name = sslstubs.mac.cpp; path = src/sslstubs.mac.cpp; sourceTree = "<group>"; };
		4DBF57C11801A14C009CAB2E /* revsecurity.dylib */ = {isa = PBXFileReference; explicitFileType = "compiled.mach-o.dylib"; includeInIndex = 0; path = revsecurity.dylib; sourceTree = BUILT_PRODUCTS_DIR; };
		4DBF57CB1801A3EB009CAB2E /* libcustomcrypto.a */ = {isa = PBXFileReference; lastKnownFileType = archive.ar; name = libcustomcrypto.a; path = ../../prebuilt/lib/mac/libcustomcrypto.a; sourceTree = SOURCE_ROOT; };
		4DBF57CC1801A3F1009CAB2E /* libcustomssl.a */ = {isa = PBXFileReference; lastKnownFileType = archive.ar; name = libcustomssl.a; path = ../../prebuilt/lib/mac/libcustomssl.a; sourceTree = SOURCE_ROOT; };
		4DBF57D71801A447009CAB2E /* dummy.cpp */ = {isa = PBXFileReference; fileEncoding = 4; lastKnownFileType = sourcecode.cpp.cpp; name = dummy.cpp; path = src/dummy.cpp; sourceTree = "<group>"; };
		4DCDCA230B80890D0040D436 /* Release.xcconfig */ = {isa = PBXFileReference; fileEncoding = 30; lastKnownFileType = text.xcconfig; name = Release.xcconfig; path = ../../rules/Release.xcconfig; sourceTree = SOURCE_ROOT; };
		4DCDCA240B80890D0040D436 /* Debug.xcconfig */ = {isa = PBXFileReference; fileEncoding = 30; lastKnownFileType = text.xcconfig; name = Debug.xcconfig; path = ../../rules/Debug.xcconfig; sourceTree = SOURCE_ROOT; };
		4DCDCA320B8089D00040D436 /* Global.xcconfig */ = {isa = PBXFileReference; fileEncoding = 30; lastKnownFileType = text.xcconfig; name = Global.xcconfig; path = ../../rules/Global.xcconfig; sourceTree = SOURCE_ROOT; };
		D2AAC046055464E500DB518D /* libopenssl.a */ = {isa = PBXFileReference; explicitFileType = archive.ar; includeInIndex = 0; path = libopenssl.a; sourceTree = BUILT_PRODUCTS_DIR; };
/* End PBXFileReference section */

/* Begin PBXFrameworksBuildPhase section */
		4DBF57BF1801A14C009CAB2E /* Frameworks */ = {
			isa = PBXFrameworksBuildPhase;
			buildActionMask = 2147483647;
			files = (
				4DBF57CD1801A3F4009CAB2E /* libcustomcrypto.a in Frameworks */,
				4DBF57CE1801A3F4009CAB2E /* libcustomssl.a in Frameworks */,
			);
			runOnlyForDeploymentPostprocessing = 0;
		};
		D289987405E68DCB004EDB86 /* Frameworks */ = {
			isa = PBXFrameworksBuildPhase;
			buildActionMask = 2147483647;
			files = (
			);
			runOnlyForDeploymentPostprocessing = 0;
		};
/* End PBXFrameworksBuildPhase section */

/* Begin PBXGroup section */
		08FB7794FE84155DC02AAC07 /* libz */ = {
			isa = PBXGroup;
			children = (
				4DCDCA1E0B8088440040D436 /* Configurations */,
				4DCA07EE11E8D904005CF640 /* Headers */,
				08FB7795FE84155DC02AAC07 /* Source */,
				4DBF57C51801A3E1009CAB2E /* Prebuilts */,
				C6A0FF2B0290797F04C91782 /* Documentation */,
				1AB674ADFE9D54B511CA2CBB /* Products */,
			);
			name = libz;
			sourceTree = "<group>";
		};
		08FB7795FE84155DC02AAC07 /* Source */ = {
			isa = PBXGroup;
			children = (
				4DBF57D71801A447009CAB2E /* dummy.cpp */,
				4DBF57B71801A030009CAB2E /* sslstubs.mac.cpp */,
			);
			name = Source;
			sourceTree = "<group>";
		};
		1AB674ADFE9D54B511CA2CBB /* Products */ = {
			isa = PBXGroup;
			children = (
				D2AAC046055464E500DB518D /* libopenssl.a */,
				4DBF57C11801A14C009CAB2E /* revsecurity.dylib */,
			);
			name = Products;
			sourceTree = "<group>";
		};
		4DBF57C51801A3E1009CAB2E /* Prebuilts */ = {
			isa = PBXGroup;
			children = (
				4DBF57CB1801A3EB009CAB2E /* libcustomcrypto.a */,
				4DBF57CC1801A3F1009CAB2E /* libcustomssl.a */,
			);
			name = Prebuilts;
			sourceTree = "<group>";
		};
		4DCA07EE11E8D904005CF640 /* Headers */ = {
			isa = PBXGroup;
			children = (
			);
			name = Headers;
			sourceTree = "<group>";
		};
		4DCDCA1E0B8088440040D436 /* Configurations */ = {
			isa = PBXGroup;
			children = (
				4DCDCA320B8089D00040D436 /* Global.xcconfig */,
				4DCDCA230B80890D0040D436 /* Release.xcconfig */,
				4DCDCA240B80890D0040D436 /* Debug.xcconfig */,
			);
			name = Configurations;
			sourceTree = "<group>";
		};
		C6A0FF2B0290797F04C91782 /* Documentation */ = {
			isa = PBXGroup;
			children = (
			);
			name = Documentation;
			sourceTree = "<group>";
		};
/* End PBXGroup section */

/* Begin PBXHeadersBuildPhase section */
		4DBF57BD1801A14C009CAB2E /* Headers */ = {
			isa = PBXHeadersBuildPhase;
			buildActionMask = 2147483647;
			files = (
			);
			runOnlyForDeploymentPostprocessing = 0;
		};
/* End PBXHeadersBuildPhase section */

/* Begin PBXNativeTarget section */
		4DBF57C01801A14C009CAB2E /* revsecurity */ = {
			isa = PBXNativeTarget;
			buildConfigurationList = 4DBF57C41801A1C7009CAB2E /* Build configuration list for PBXNativeTarget "revsecurity" */;
			buildPhases = (
				4DBF59081802AD73009CAB2E /* List Stubs */,
				4DBF57BD1801A14C009CAB2E /* Headers */,
				4DBF57BE1801A14C009CAB2E /* Sources */,
				4DBF57BF1801A14C009CAB2E /* Frameworks */,
			);
			buildRules = (
			);
			dependencies = (
			);
			name = revsecurity;
			productName = revsecurity;
			productReference = 4DBF57C11801A14C009CAB2E /* revsecurity.dylib */;
			productType = "com.apple.product-type.library.dynamic";
		};
		D2AAC045055464E500DB518D /* openssl */ = {
			isa = PBXNativeTarget;
			buildConfigurationList = 1DEB91EB08733DB70010E9CD /* Build configuration list for PBXNativeTarget "openssl" */;
			buildPhases = (
				4DBF57AF18019F4E009CAB2E /* Build Stubs */,
				D2AAC044055464E500DB518D /* Sources */,
				D289987405E68DCB004EDB86 /* Frameworks */,
			);
			buildRules = (
			);
			dependencies = (
			);
			name = openssl;
			productName = libz;
			productReference = D2AAC046055464E500DB518D /* libopenssl.a */;
			productType = "com.apple.product-type.library.static";
		};
/* End PBXNativeTarget section */

/* Begin PBXProject section */
		08FB7793FE84155DC02AAC07 /* Project object */ = {
			isa = PBXProject;
			buildConfigurationList = 1DEB91EF08733DB70010E9CD /* Build configuration list for PBXProject "libopenssl" */;
			compatibilityVersion = "Xcode 3.2";
			developmentRegion = English;
			hasScannedForEncodings = 1;
			knownRegions = (
				English,
				Japanese,
				French,
				German,
			);
			mainGroup = 08FB7794FE84155DC02AAC07 /* libz */;
			projectDirPath = "";
			projectRoot = "";
			targets = (
				D2AAC045055464E500DB518D /* openssl */,
				4DBF57C01801A14C009CAB2E /* revsecurity */,
			);
		};
/* End PBXProject section */

/* Begin PBXShellScriptBuildPhase section */
		4DBF57AF18019F4E009CAB2E /* Build Stubs */ = {
			isa = PBXShellScriptBuildPhase;
			buildActionMask = 2147483647;
			files = (
			);
			inputPaths = (
				"$(SRCROOT)/ssl.stubs",
			);
			name = "Build Stubs";
			outputPaths = (
				"$(SRCROOT)/src/sslstubs.mac.cpp",
			);
			runOnlyForDeploymentPostprocessing = 0;
			shellPath = /bin/sh;
			shellScript = "#\"$SOLUTION_DIR/prebuilt/bin/Revolution.osx\" \"$SOLUTION_DIR/tools/weak_stub_maker.lc\" < \"$SRCROOT/ssl.stubs\" > \"$SRCROOT/src/sslstubs.mac.cpp\"\n\"$SOLUTION_DIR/util/weak_stub_maker.pl\" < \"$SRCROOT/ssl.stubs\" > \"$SRCROOT/src/sslstubs.mac.cpp\"\n";
			showEnvVarsInLog = 0;
		};
		4DBF59081802AD73009CAB2E /* List Stubs */ = {
			isa = PBXShellScriptBuildPhase;
			buildActionMask = 2147483647;
			files = (
			);
			inputPaths = (
				"$(SRCROOT)/ssl.stubs",
			);
			name = "List Stubs";
			outputPaths = (
				"$(SRCROOT)/sslstubs.mac.symlist",
			);
			runOnlyForDeploymentPostprocessing = 0;
			shellPath = /bin/sh;
			shellScript = "#\"$SOLUTION_DIR/prebuilt/bin/Revolution.osx\" \"$SOLUTION_DIR/tools/list_stub_symbols.lc\" \"_\" < \"$SRCROOT/ssl.stubs\" > \"$SRCROOT/sslstubs.mac.symlist\"\n\"$SOLUTION_DIR/util/list_stub_symbols.pl\" \"_\" < \"$SRCROOT/ssl.stubs\" > \"$SRCROOT/sslstubs.mac.symlist\"\n";
			showEnvVarsInLog = 0;
		};
/* End PBXShellScriptBuildPhase section */

/* Begin PBXSourcesBuildPhase section */
		4DBF57BE1801A14C009CAB2E /* Sources */ = {
			isa = PBXSourcesBuildPhase;
			buildActionMask = 2147483647;
			files = (
				4DBF57D81801A44C009CAB2E /* dummy.cpp in Sources */,
			);
			runOnlyForDeploymentPostprocessing = 0;
		};
		D2AAC044055464E500DB518D /* Sources */ = {
			isa = PBXSourcesBuildPhase;
			buildActionMask = 2147483647;
			files = (
				4DBF57B81801A030009CAB2E /* sslstubs.mac.cpp in Sources */,
			);
			runOnlyForDeploymentPostprocessing = 0;
		};
/* End PBXSourcesBuildPhase section */

/* Begin XCBuildConfiguration section */
		1DEB91EC08733DB70010E9CD /* Debug */ = {
			isa = XCBuildConfiguration;
			buildSettings = {
				PRODUCT_NAME = openssl;
			};
			name = Debug;
		};
		1DEB91ED08733DB70010E9CD /* Release */ = {
			isa = XCBuildConfiguration;
			buildSettings = {
				PRODUCT_NAME = openssl;
			};
			name = Release;
		};
		1DEB91F008733DB70010E9CD /* Debug */ = {
			isa = XCBuildConfiguration;
			baseConfigurationReference = 4DCDCA240B80890D0040D436 /* Debug.xcconfig */;
			buildSettings = {
				OWNER = ..;
			};
			name = Debug;
		};
		1DEB91F108733DB70010E9CD /* Release */ = {
			isa = XCBuildConfiguration;
			baseConfigurationReference = 4DCDCA230B80890D0040D436 /* Release.xcconfig */;
			buildSettings = {
				OWNER = ..;
			};
			name = Release;
		};
		4DBF57C21801A14D009CAB2E /* Debug */ = {
			isa = XCBuildConfiguration;
			buildSettings = {
				EXPORTED_SYMBOLS_FILE = "$(SRCROOT)/sslstubs.mac.symlist";
				LIBRARY_SEARCH_PATHS = (
					"$(inherited)",
					"\"$(SRCROOT)/../../prebuilt/lib/mac\"",
				);
				PRODUCT_NAME = revsecurity;
			};
			name = Debug;
		};
		4DBF57C31801A14D009CAB2E /* Release */ = {
			isa = XCBuildConfiguration;
			buildSettings = {
				DEBUG_INFORMATION_FORMAT = "dwarf-with-dsym";
				EXPORTED_SYMBOLS_FILE = "$(SRCROOT)/sslstubs.mac.symlist";
				LIBRARY_SEARCH_PATHS = (
					"$(inherited)",
					"\"$(SRCROOT)/../../prebuilt/lib/mac\"",
				);
				PRODUCT_NAME = revsecurity;
			};
			name = Release;
		};
/* End XCBuildConfiguration section */

/* Begin XCConfigurationList section */
		1DEB91EB08733DB70010E9CD /* Build configuration list for PBXNativeTarget "openssl" */ = {
			isa = XCConfigurationList;
			buildConfigurations = (
				1DEB91EC08733DB70010E9CD /* Debug */,
				1DEB91ED08733DB70010E9CD /* Release */,
			);
			defaultConfigurationIsVisible = 0;
			defaultConfigurationName = Release;
		};
		1DEB91EF08733DB70010E9CD /* Build configuration list for PBXProject "libopenssl" */ = {
			isa = XCConfigurationList;
			buildConfigurations = (
				1DEB91F008733DB70010E9CD /* Debug */,
				1DEB91F108733DB70010E9CD /* Release */,
			);
			defaultConfigurationIsVisible = 0;
			defaultConfigurationName = Release;
		};
		4DBF57C41801A1C7009CAB2E /* Build configuration list for PBXNativeTarget "revsecurity" */ = {
			isa = XCConfigurationList;
			buildConfigurations = (
				4DBF57C21801A14D009CAB2E /* Debug */,
				4DBF57C31801A14D009CAB2E /* Release */,
			);
			defaultConfigurationIsVisible = 0;
			defaultConfigurationName = Release;
		};
/* End XCConfigurationList section */
	};
	rootObject = 08FB7793FE84155DC02AAC07 /* Project object */;
}
