// !$*UTF8*$!
{
	archiveVersion = 1;
	classes = {
	};
	objectVersion = 46;
	objects = {

/* Begin PBXBuildFile section */
		17EF8A4517DE31D20014E17E /* pcre_chartables.c in Sources */ = {isa = PBXBuildFile; fileRef = 17EF8A4417DE31D20014E17E /* pcre_chartables.c */; };
		17EF8A7317DF75800014E17E /* pcre_byte_order.c in Sources */ = {isa = PBXBuildFile; fileRef = 17EF8A6D17DF757E0014E17E /* pcre_byte_order.c */; };
		17EF8A7417DF75800014E17E /* pcre_config.c in Sources */ = {isa = PBXBuildFile; fileRef = 17EF8A6E17DF757F0014E17E /* pcre_config.c */; };
		17EF8A7517DF75800014E17E /* pcre_jit_compile.c in Sources */ = {isa = PBXBuildFile; fileRef = 17EF8A6F17DF757F0014E17E /* pcre_jit_compile.c */; };
		17EF8A7617DF75800014E17E /* pcre_newline.c in Sources */ = {isa = PBXBuildFile; fileRef = 17EF8A7017DF757F0014E17E /* pcre_newline.c */; };
		17EF8A7717DF75800014E17E /* pcre_string_utils.c in Sources */ = {isa = PBXBuildFile; fileRef = 17EF8A7117DF757F0014E17E /* pcre_string_utils.c */; };
		17EF8A7817DF75800014E17E /* pcre_ucd.c in Sources */ = {isa = PBXBuildFile; fileRef = 17EF8A7217DF75800014E17E /* pcre_ucd.c */; };
		17EF8A7A17E05F780014E17E /* pcre_info_fullinfo.c in Sources */ = {isa = PBXBuildFile; fileRef = 17EF8A7917E05F770014E17E /* pcre_info_fullinfo.c */; };
		4D587D6C0B80933300200116 /* pcre_compile.c in Sources */ = {isa = PBXBuildFile; fileRef = 4D587D500B80933300200116 /* pcre_compile.c */; };
		4D587D6D0B80933300200116 /* pcre_exec.c in Sources */ = {isa = PBXBuildFile; fileRef = 4D587D510B80933300200116 /* pcre_exec.c */; };
		4D587D700B80933300200116 /* pcre_fullinfo.c in Sources */ = {isa = PBXBuildFile; fileRef = 4D587D540B80933300200116 /* pcre_fullinfo.c */; };
		4D587D710B80933300200116 /* pcre_globals.c in Sources */ = {isa = PBXBuildFile; fileRef = 4D587D550B80933300200116 /* pcre_globals.c */; };
		4D587D730B80933300200116 /* pcre_maketables.c in Sources */ = {isa = PBXBuildFile; fileRef = 4D587D570B80933300200116 /* pcre_maketables.c */; };
		4D587D740B80933300200116 /* pcre_ord2utf8.c in Sources */ = {isa = PBXBuildFile; fileRef = 4D587D580B80933300200116 /* pcre_ord2utf8.c */; };
		4D587D750B80933300200116 /* pcre_dfa_exec.c in Sources */ = {isa = PBXBuildFile; fileRef = 4D587D590B80933300200116 /* pcre_dfa_exec.c */; };
		4D587D770B80933300200116 /* pcre_get.c in Sources */ = {isa = PBXBuildFile; fileRef = 4D587D5B0B80933300200116 /* pcre_get.c */; };
		4D587D780B80933300200116 /* pcre_refcount.c in Sources */ = {isa = PBXBuildFile; fileRef = 4D587D5C0B80933300200116 /* pcre_refcount.c */; };
		4D587D7A0B80933300200116 /* pcre_study.c in Sources */ = {isa = PBXBuildFile; fileRef = 4D587D5E0B80933300200116 /* pcre_study.c */; };
		4D587D7B0B80933300200116 /* pcre_tables.c in Sources */ = {isa = PBXBuildFile; fileRef = 4D587D5F0B80933300200116 /* pcre_tables.c */; };
		4D587D7E0B80933300200116 /* pcre_valid_utf8.c in Sources */ = {isa = PBXBuildFile; fileRef = 4D587D620B80933300200116 /* pcre_valid_utf8.c */; };
		4D587D7F0B80933300200116 /* pcre_version.c in Sources */ = {isa = PBXBuildFile; fileRef = 4D587D630B80933300200116 /* pcre_version.c */; };
		4D587D800B80933300200116 /* pcre_xclass.c in Sources */ = {isa = PBXBuildFile; fileRef = 4D587D640B80933300200116 /* pcre_xclass.c */; };
		BE8544511886CA3300308B92 /* pcre16_byte_order.c in Sources */ = {isa = PBXBuildFile; fileRef = BE85443B1886CA3300308B92 /* pcre16_byte_order.c */; };
		BE8544521886CA3300308B92 /* pcre16_chartables.c in Sources */ = {isa = PBXBuildFile; fileRef = BE85443C1886CA3300308B92 /* pcre16_chartables.c */; };
		BE8544531886CA3300308B92 /* pcre16_compile.c in Sources */ = {isa = PBXBuildFile; fileRef = BE85443D1886CA3300308B92 /* pcre16_compile.c */; };
		BE8544541886CA3300308B92 /* pcre16_config.c in Sources */ = {isa = PBXBuildFile; fileRef = BE85443E1886CA3300308B92 /* pcre16_config.c */; };
		BE8544551886CA3300308B92 /* pcre16_dfa_exec.c in Sources */ = {isa = PBXBuildFile; fileRef = BE85443F1886CA3300308B92 /* pcre16_dfa_exec.c */; };
		BE8544561886CA3300308B92 /* pcre16_exec.c in Sources */ = {isa = PBXBuildFile; fileRef = BE8544401886CA3300308B92 /* pcre16_exec.c */; };
		BE8544571886CA3300308B92 /* pcre16_fullinfo.c in Sources */ = {isa = PBXBuildFile; fileRef = BE8544411886CA3300308B92 /* pcre16_fullinfo.c */; };
		BE8544581886CA3300308B92 /* pcre16_get.c in Sources */ = {isa = PBXBuildFile; fileRef = BE8544421886CA3300308B92 /* pcre16_get.c */; };
		BE8544591886CA3300308B92 /* pcre16_globals.c in Sources */ = {isa = PBXBuildFile; fileRef = BE8544431886CA3300308B92 /* pcre16_globals.c */; };
		BE85445A1886CA3300308B92 /* pcre16_jit_compile.c in Sources */ = {isa = PBXBuildFile; fileRef = BE8544441886CA3300308B92 /* pcre16_jit_compile.c */; };
		BE85445B1886CA3300308B92 /* pcre16_maketables.c in Sources */ = {isa = PBXBuildFile; fileRef = BE8544451886CA3300308B92 /* pcre16_maketables.c */; };
		BE85445C1886CA3300308B92 /* pcre16_newline.c in Sources */ = {isa = PBXBuildFile; fileRef = BE8544461886CA3300308B92 /* pcre16_newline.c */; };
		BE85445D1886CA3300308B92 /* pcre16_ord2utf16.c in Sources */ = {isa = PBXBuildFile; fileRef = BE8544471886CA3300308B92 /* pcre16_ord2utf16.c */; };
		BE85445E1886CA3300308B92 /* pcre16_refcount.c in Sources */ = {isa = PBXBuildFile; fileRef = BE8544481886CA3300308B92 /* pcre16_refcount.c */; };
		BE85445F1886CA3300308B92 /* pcre16_string_utils.c in Sources */ = {isa = PBXBuildFile; fileRef = BE8544491886CA3300308B92 /* pcre16_string_utils.c */; };
		BE8544601886CA3300308B92 /* pcre16_study.c in Sources */ = {isa = PBXBuildFile; fileRef = BE85444A1886CA3300308B92 /* pcre16_study.c */; };
		BE8544611886CA3300308B92 /* pcre16_tables.c in Sources */ = {isa = PBXBuildFile; fileRef = BE85444B1886CA3300308B92 /* pcre16_tables.c */; };
		BE8544621886CA3300308B92 /* pcre16_ucd.c in Sources */ = {isa = PBXBuildFile; fileRef = BE85444C1886CA3300308B92 /* pcre16_ucd.c */; };
		BE8544631886CA3300308B92 /* pcre16_utf16_utils.c in Sources */ = {isa = PBXBuildFile; fileRef = BE85444D1886CA3300308B92 /* pcre16_utf16_utils.c */; };
		BE8544641886CA3300308B92 /* pcre16_valid_utf16.c in Sources */ = {isa = PBXBuildFile; fileRef = BE85444E1886CA3300308B92 /* pcre16_valid_utf16.c */; };
		BE8544651886CA3300308B92 /* pcre16_version.c in Sources */ = {isa = PBXBuildFile; fileRef = BE85444F1886CA3300308B92 /* pcre16_version.c */; };
		BE8544661886CA3300308B92 /* pcre16_xclass.c in Sources */ = {isa = PBXBuildFile; fileRef = BE8544501886CA3300308B92 /* pcre16_xclass.c */; };
/* End PBXBuildFile section */

/* Begin PBXFileReference section */
		17EF8A4417DE31D20014E17E /* pcre_chartables.c */ = {isa = PBXFileReference; fileEncoding = 4; lastKnownFileType = sourcecode.c.c; name = pcre_chartables.c; path = src/pcre_chartables.c; sourceTree = "<group>"; };
		17EF8A6D17DF757E0014E17E /* pcre_byte_order.c */ = {isa = PBXFileReference; fileEncoding = 4; lastKnownFileType = sourcecode.c.c; name = pcre_byte_order.c; path = src/pcre_byte_order.c; sourceTree = "<group>"; };
		17EF8A6E17DF757F0014E17E /* pcre_config.c */ = {isa = PBXFileReference; fileEncoding = 4; lastKnownFileType = sourcecode.c.c; name = pcre_config.c; path = src/pcre_config.c; sourceTree = "<group>"; };
		17EF8A6F17DF757F0014E17E /* pcre_jit_compile.c */ = {isa = PBXFileReference; fileEncoding = 4; lastKnownFileType = sourcecode.c.c; name = pcre_jit_compile.c; path = src/pcre_jit_compile.c; sourceTree = "<group>"; };
		17EF8A7017DF757F0014E17E /* pcre_newline.c */ = {isa = PBXFileReference; fileEncoding = 4; lastKnownFileType = sourcecode.c.c; name = pcre_newline.c; path = src/pcre_newline.c; sourceTree = "<group>"; };
		17EF8A7117DF757F0014E17E /* pcre_string_utils.c */ = {isa = PBXFileReference; fileEncoding = 4; lastKnownFileType = sourcecode.c.c; name = pcre_string_utils.c; path = src/pcre_string_utils.c; sourceTree = "<group>"; };
		17EF8A7217DF75800014E17E /* pcre_ucd.c */ = {isa = PBXFileReference; fileEncoding = 4; lastKnownFileType = sourcecode.c.c; name = pcre_ucd.c; path = src/pcre_ucd.c; sourceTree = "<group>"; };
		17EF8A7917E05F770014E17E /* pcre_info_fullinfo.c */ = {isa = PBXFileReference; fileEncoding = 4; lastKnownFileType = sourcecode.c.c; name = pcre_info_fullinfo.c; path = src/pcre_info_fullinfo.c; sourceTree = "<group>"; };
		4D587D500B80933300200116 /* pcre_compile.c */ = {isa = PBXFileReference; fileEncoding = 30; lastKnownFileType = sourcecode.c.c; name = pcre_compile.c; path = src/pcre_compile.c; sourceTree = "<group>"; };
		4D587D510B80933300200116 /* pcre_exec.c */ = {isa = PBXFileReference; fileEncoding = 30; lastKnownFileType = sourcecode.c.c; name = pcre_exec.c; path = src/pcre_exec.c; sourceTree = "<group>"; };
		4D587D530B80933300200116 /* config.h */ = {isa = PBXFileReference; fileEncoding = 30; lastKnownFileType = sourcecode.c.h; name = config.h; path = src/config.h; sourceTree = "<group>"; };
		4D587D540B80933300200116 /* pcre_fullinfo.c */ = {isa = PBXFileReference; fileEncoding = 30; lastKnownFileType = sourcecode.c.c; name = pcre_fullinfo.c; path = src/pcre_fullinfo.c; sourceTree = "<group>"; };
		4D587D550B80933300200116 /* pcre_globals.c */ = {isa = PBXFileReference; fileEncoding = 30; lastKnownFileType = sourcecode.c.c; name = pcre_globals.c; path = src/pcre_globals.c; sourceTree = "<group>"; };
		4D587D570B80933300200116 /* pcre_maketables.c */ = {isa = PBXFileReference; fileEncoding = 30; lastKnownFileType = sourcecode.c.c; name = pcre_maketables.c; path = src/pcre_maketables.c; sourceTree = "<group>"; };
		4D587D580B80933300200116 /* pcre_ord2utf8.c */ = {isa = PBXFileReference; fileEncoding = 30; lastKnownFileType = sourcecode.c.c; name = pcre_ord2utf8.c; path = src/pcre_ord2utf8.c; sourceTree = "<group>"; };
		4D587D590B80933300200116 /* pcre_dfa_exec.c */ = {isa = PBXFileReference; fileEncoding = 30; lastKnownFileType = sourcecode.c.c; name = pcre_dfa_exec.c; path = src/pcre_dfa_exec.c; sourceTree = "<group>"; };
		4D587D5A0B80933300200116 /* pcre_internal.h */ = {isa = PBXFileReference; fileEncoding = 30; lastKnownFileType = sourcecode.c.h; name = pcre_internal.h; path = src/pcre_internal.h; sourceTree = "<group>"; };
		4D587D5B0B80933300200116 /* pcre_get.c */ = {isa = PBXFileReference; fileEncoding = 30; lastKnownFileType = sourcecode.c.c; name = pcre_get.c; path = src/pcre_get.c; sourceTree = "<group>"; };
		4D587D5C0B80933300200116 /* pcre_refcount.c */ = {isa = PBXFileReference; fileEncoding = 30; lastKnownFileType = sourcecode.c.c; name = pcre_refcount.c; path = src/pcre_refcount.c; sourceTree = "<group>"; };
		4D587D5E0B80933300200116 /* pcre_study.c */ = {isa = PBXFileReference; fileEncoding = 30; lastKnownFileType = sourcecode.c.c; name = pcre_study.c; path = src/pcre_study.c; sourceTree = "<group>"; };
		4D587D5F0B80933300200116 /* pcre_tables.c */ = {isa = PBXFileReference; fileEncoding = 30; lastKnownFileType = sourcecode.c.c; name = pcre_tables.c; path = src/pcre_tables.c; sourceTree = "<group>"; };
		4D587D620B80933300200116 /* pcre_valid_utf8.c */ = {isa = PBXFileReference; fileEncoding = 30; lastKnownFileType = sourcecode.c.c; name = pcre_valid_utf8.c; path = src/pcre_valid_utf8.c; sourceTree = "<group>"; };
		4D587D630B80933300200116 /* pcre_version.c */ = {isa = PBXFileReference; fileEncoding = 30; lastKnownFileType = sourcecode.c.c; name = pcre_version.c; path = src/pcre_version.c; sourceTree = "<group>"; };
		4D587D640B80933300200116 /* pcre_xclass.c */ = {isa = PBXFileReference; fileEncoding = 30; lastKnownFileType = sourcecode.c.c; name = pcre_xclass.c; path = src/pcre_xclass.c; sourceTree = "<group>"; };
		4D587D680B80933300200116 /* ucp.h */ = {isa = PBXFileReference; fileEncoding = 30; lastKnownFileType = sourcecode.c.h; name = ucp.h; path = src/ucp.h; sourceTree = "<group>"; };
		4DCA081211E8D9C6005CF640 /* pcre.h */ = {isa = PBXFileReference; fileEncoding = 4; lastKnownFileType = sourcecode.c.h; name = pcre.h; path = include/pcre.h; sourceTree = "<group>"; };
		4DCA081311E8D9C6005CF640 /* pcreposix.h */ = {isa = PBXFileReference; fileEncoding = 4; lastKnownFileType = sourcecode.c.h; name = pcreposix.h; path = include/pcreposix.h; sourceTree = "<group>"; };
		4DCDCA230B80890D0040D436 /* Release.xcconfig */ = {isa = PBXFileReference; fileEncoding = 30; lastKnownFileType = text.xcconfig; name = Release.xcconfig; path = ../../rules/Release.xcconfig; sourceTree = SOURCE_ROOT; };
		4DCDCA240B80890D0040D436 /* Debug.xcconfig */ = {isa = PBXFileReference; fileEncoding = 30; lastKnownFileType = text.xcconfig; name = Debug.xcconfig; path = ../../rules/Debug.xcconfig; sourceTree = SOURCE_ROOT; };
		4DCDCA320B8089D00040D436 /* Global.xcconfig */ = {isa = PBXFileReference; fileEncoding = 30; lastKnownFileType = text.xcconfig; name = Global.xcconfig; path = ../../rules/Global.xcconfig; sourceTree = SOURCE_ROOT; };
		BE85443B1886CA3300308B92 /* pcre16_byte_order.c */ = {isa = PBXFileReference; fileEncoding = 4; lastKnownFileType = sourcecode.c.c; name = pcre16_byte_order.c; path = src/pcre16_byte_order.c; sourceTree = "<group>"; };
		BE85443C1886CA3300308B92 /* pcre16_chartables.c */ = {isa = PBXFileReference; fileEncoding = 4; lastKnownFileType = sourcecode.c.c; name = pcre16_chartables.c; path = src/pcre16_chartables.c; sourceTree = "<group>"; };
		BE85443D1886CA3300308B92 /* pcre16_compile.c */ = {isa = PBXFileReference; fileEncoding = 4; lastKnownFileType = sourcecode.c.c; name = pcre16_compile.c; path = src/pcre16_compile.c; sourceTree = "<group>"; };
		BE85443E1886CA3300308B92 /* pcre16_config.c */ = {isa = PBXFileReference; fileEncoding = 4; lastKnownFileType = sourcecode.c.c; name = pcre16_config.c; path = src/pcre16_config.c; sourceTree = "<group>"; };
		BE85443F1886CA3300308B92 /* pcre16_dfa_exec.c */ = {isa = PBXFileReference; fileEncoding = 4; lastKnownFileType = sourcecode.c.c; name = pcre16_dfa_exec.c; path = src/pcre16_dfa_exec.c; sourceTree = "<group>"; };
		BE8544401886CA3300308B92 /* pcre16_exec.c */ = {isa = PBXFileReference; fileEncoding = 4; lastKnownFileType = sourcecode.c.c; name = pcre16_exec.c; path = src/pcre16_exec.c; sourceTree = "<group>"; };
		BE8544411886CA3300308B92 /* pcre16_fullinfo.c */ = {isa = PBXFileReference; fileEncoding = 4; lastKnownFileType = sourcecode.c.c; name = pcre16_fullinfo.c; path = src/pcre16_fullinfo.c; sourceTree = "<group>"; };
		BE8544421886CA3300308B92 /* pcre16_get.c */ = {isa = PBXFileReference; fileEncoding = 4; lastKnownFileType = sourcecode.c.c; name = pcre16_get.c; path = src/pcre16_get.c; sourceTree = "<group>"; };
		BE8544431886CA3300308B92 /* pcre16_globals.c */ = {isa = PBXFileReference; fileEncoding = 4; lastKnownFileType = sourcecode.c.c; name = pcre16_globals.c; path = src/pcre16_globals.c; sourceTree = "<group>"; };
		BE8544441886CA3300308B92 /* pcre16_jit_compile.c */ = {isa = PBXFileReference; fileEncoding = 4; lastKnownFileType = sourcecode.c.c; name = pcre16_jit_compile.c; path = src/pcre16_jit_compile.c; sourceTree = "<group>"; };
		BE8544451886CA3300308B92 /* pcre16_maketables.c */ = {isa = PBXFileReference; fileEncoding = 4; lastKnownFileType = sourcecode.c.c; name = pcre16_maketables.c; path = src/pcre16_maketables.c; sourceTree = "<group>"; };
		BE8544461886CA3300308B92 /* pcre16_newline.c */ = {isa = PBXFileReference; fileEncoding = 4; lastKnownFileType = sourcecode.c.c; name = pcre16_newline.c; path = src/pcre16_newline.c; sourceTree = "<group>"; };
		BE8544471886CA3300308B92 /* pcre16_ord2utf16.c */ = {isa = PBXFileReference; fileEncoding = 4; lastKnownFileType = sourcecode.c.c; name = pcre16_ord2utf16.c; path = src/pcre16_ord2utf16.c; sourceTree = "<group>"; };
		BE8544481886CA3300308B92 /* pcre16_refcount.c */ = {isa = PBXFileReference; fileEncoding = 4; lastKnownFileType = sourcecode.c.c; name = pcre16_refcount.c; path = src/pcre16_refcount.c; sourceTree = "<group>"; };
		BE8544491886CA3300308B92 /* pcre16_string_utils.c */ = {isa = PBXFileReference; fileEncoding = 4; lastKnownFileType = sourcecode.c.c; name = pcre16_string_utils.c; path = src/pcre16_string_utils.c; sourceTree = "<group>"; };
		BE85444A1886CA3300308B92 /* pcre16_study.c */ = {isa = PBXFileReference; fileEncoding = 4; lastKnownFileType = sourcecode.c.c; name = pcre16_study.c; path = src/pcre16_study.c; sourceTree = "<group>"; };
		BE85444B1886CA3300308B92 /* pcre16_tables.c */ = {isa = PBXFileReference; fileEncoding = 4; lastKnownFileType = sourcecode.c.c; name = pcre16_tables.c; path = src/pcre16_tables.c; sourceTree = "<group>"; };
		BE85444C1886CA3300308B92 /* pcre16_ucd.c */ = {isa = PBXFileReference; fileEncoding = 4; lastKnownFileType = sourcecode.c.c; name = pcre16_ucd.c; path = src/pcre16_ucd.c; sourceTree = "<group>"; };
		BE85444D1886CA3300308B92 /* pcre16_utf16_utils.c */ = {isa = PBXFileReference; fileEncoding = 4; lastKnownFileType = sourcecode.c.c; name = pcre16_utf16_utils.c; path = src/pcre16_utf16_utils.c; sourceTree = "<group>"; };
		BE85444E1886CA3300308B92 /* pcre16_valid_utf16.c */ = {isa = PBXFileReference; fileEncoding = 4; lastKnownFileType = sourcecode.c.c; name = pcre16_valid_utf16.c; path = src/pcre16_valid_utf16.c; sourceTree = "<group>"; };
		BE85444F1886CA3300308B92 /* pcre16_version.c */ = {isa = PBXFileReference; fileEncoding = 4; lastKnownFileType = sourcecode.c.c; name = pcre16_version.c; path = src/pcre16_version.c; sourceTree = "<group>"; };
		BE8544501886CA3300308B92 /* pcre16_xclass.c */ = {isa = PBXFileReference; fileEncoding = 4; lastKnownFileType = sourcecode.c.c; name = pcre16_xclass.c; path = src/pcre16_xclass.c; sourceTree = "<group>"; };
		D2AAC046055464E500DB518D /* libpcre.a */ = {isa = PBXFileReference; explicitFileType = archive.ar; includeInIndex = 0; path = libpcre.a; sourceTree = BUILT_PRODUCTS_DIR; };
/* End PBXFileReference section */

/* Begin PBXFrameworksBuildPhase section */
		D289987405E68DCB004EDB86 /* Frameworks */ = {
			isa = PBXFrameworksBuildPhase;
			buildActionMask = 2147483647;
			files = (
			);
			runOnlyForDeploymentPostprocessing = 0;
		};
/* End PBXFrameworksBuildPhase section */

/* Begin PBXGroup section */
		08FB7794FE84155DC02AAC07 /* libz */ = {
			isa = PBXGroup;
			children = (
				4DCDCA1E0B8088440040D436 /* Configurations */,
				4DCA081111E8D9B4005CF640 /* Headers */,
				08FB7795FE84155DC02AAC07 /* Source */,
				1AB674ADFE9D54B511CA2CBB /* Products */,
			);
			name = libz;
			sourceTree = "<group>";
		};
		08FB7795FE84155DC02AAC07 /* Source */ = {
			isa = PBXGroup;
			children = (
				BE85443B1886CA3300308B92 /* pcre16_byte_order.c */,
				BE85443C1886CA3300308B92 /* pcre16_chartables.c */,
				BE85443D1886CA3300308B92 /* pcre16_compile.c */,
				BE85443E1886CA3300308B92 /* pcre16_config.c */,
				BE85443F1886CA3300308B92 /* pcre16_dfa_exec.c */,
				BE8544401886CA3300308B92 /* pcre16_exec.c */,
				BE8544411886CA3300308B92 /* pcre16_fullinfo.c */,
				BE8544421886CA3300308B92 /* pcre16_get.c */,
				BE8544431886CA3300308B92 /* pcre16_globals.c */,
				BE8544441886CA3300308B92 /* pcre16_jit_compile.c */,
				BE8544451886CA3300308B92 /* pcre16_maketables.c */,
				BE8544461886CA3300308B92 /* pcre16_newline.c */,
				BE8544471886CA3300308B92 /* pcre16_ord2utf16.c */,
				BE8544481886CA3300308B92 /* pcre16_refcount.c */,
				BE8544491886CA3300308B92 /* pcre16_string_utils.c */,
				BE85444A1886CA3300308B92 /* pcre16_study.c */,
				BE85444B1886CA3300308B92 /* pcre16_tables.c */,
				BE85444C1886CA3300308B92 /* pcre16_ucd.c */,
				BE85444D1886CA3300308B92 /* pcre16_utf16_utils.c */,
				BE85444E1886CA3300308B92 /* pcre16_valid_utf16.c */,
				BE85444F1886CA3300308B92 /* pcre16_version.c */,
				BE8544501886CA3300308B92 /* pcre16_xclass.c */,
				17EF8A6D17DF757E0014E17E /* pcre_byte_order.c */,
				17EF8A6E17DF757F0014E17E /* pcre_config.c */,
				17EF8A6F17DF757F0014E17E /* pcre_jit_compile.c */,
				17EF8A7017DF757F0014E17E /* pcre_newline.c */,
				17EF8A7117DF757F0014E17E /* pcre_string_utils.c */,
				17EF8A7217DF75800014E17E /* pcre_ucd.c */,
				17EF8A4417DE31D20014E17E /* pcre_chartables.c */,
				4D587D500B80933300200116 /* pcre_compile.c */,
				4D587D510B80933300200116 /* pcre_exec.c */,
				4D587D530B80933300200116 /* config.h */,
				4D587D540B80933300200116 /* pcre_fullinfo.c */,
				4D587D550B80933300200116 /* pcre_globals.c */,
				4D587D570B80933300200116 /* pcre_maketables.c */,
				4D587D580B80933300200116 /* pcre_ord2utf8.c */,
				4D587D590B80933300200116 /* pcre_dfa_exec.c */,
				4D587D5A0B80933300200116 /* pcre_internal.h */,
				4D587D5B0B80933300200116 /* pcre_get.c */,
				4D587D5C0B80933300200116 /* pcre_refcount.c */,
				4D587D5E0B80933300200116 /* pcre_study.c */,
				4D587D5F0B80933300200116 /* pcre_tables.c */,
				4D587D620B80933300200116 /* pcre_valid_utf8.c */,
				4D587D630B80933300200116 /* pcre_version.c */,
				4D587D640B80933300200116 /* pcre_xclass.c */,
				4D587D680B80933300200116 /* ucp.h */,
				17EF8A7917E05F770014E17E /* pcre_info_fullinfo.c */,
			);
			name = Source;
			sourceTree = "<group>";
		};
		1AB674ADFE9D54B511CA2CBB /* Products */ = {
			isa = PBXGroup;
			children = (
				D2AAC046055464E500DB518D /* libpcre.a */,
			);
			name = Products;
			sourceTree = "<group>";
		};
		4DCA081111E8D9B4005CF640 /* Headers */ = {
			isa = PBXGroup;
			children = (
				4DCA081211E8D9C6005CF640 /* pcre.h */,
				4DCA081311E8D9C6005CF640 /* pcreposix.h */,
			);
			name = Headers;
			sourceTree = "<group>";
		};
		4DCDCA1E0B8088440040D436 /* Configurations */ = {
			isa = PBXGroup;
			children = (
				4DCDCA320B8089D00040D436 /* Global.xcconfig */,
				4DCDCA230B80890D0040D436 /* Release.xcconfig */,
				4DCDCA240B80890D0040D436 /* Debug.xcconfig */,
			);
			name = Configurations;
			sourceTree = "<group>";
		};
/* End PBXGroup section */

/* Begin PBXNativeTarget section */
		D2AAC045055464E500DB518D /* libpcre */ = {
			isa = PBXNativeTarget;
			buildConfigurationList = 1DEB91EB08733DB70010E9CD /* Build configuration list for PBXNativeTarget "libpcre" */;
			buildPhases = (
				D2AAC044055464E500DB518D /* Sources */,
				D289987405E68DCB004EDB86 /* Frameworks */,
			);
			buildRules = (
			);
			dependencies = (
			);
			name = libpcre;
			productName = libz;
			productReference = D2AAC046055464E500DB518D /* libpcre.a */;
			productType = "com.apple.product-type.library.static";
		};
/* End PBXNativeTarget section */

/* Begin PBXProject section */
		08FB7793FE84155DC02AAC07 /* Project object */ = {
			isa = PBXProject;
			buildConfigurationList = 1DEB91EF08733DB70010E9CD /* Build configuration list for PBXProject "libpcre" */;
			compatibilityVersion = "Xcode 3.2";
			developmentRegion = English;
			hasScannedForEncodings = 1;
			knownRegions = (
				English,
				Japanese,
				French,
				German,
			);
			mainGroup = 08FB7794FE84155DC02AAC07 /* libz */;
			projectDirPath = "";
			projectRoot = "";
			targets = (
				D2AAC045055464E500DB518D /* libpcre */,
			);
		};
/* End PBXProject section */

/* Begin PBXSourcesBuildPhase section */
		D2AAC044055464E500DB518D /* Sources */ = {
			isa = PBXSourcesBuildPhase;
			buildActionMask = 2147483647;
			files = (
				4D587D6C0B80933300200116 /* pcre_compile.c in Sources */,
				4D587D6D0B80933300200116 /* pcre_exec.c in Sources */,
				4D587D700B80933300200116 /* pcre_fullinfo.c in Sources */,
				4D587D710B80933300200116 /* pcre_globals.c in Sources */,
				4D587D730B80933300200116 /* pcre_maketables.c in Sources */,
				4D587D740B80933300200116 /* pcre_ord2utf8.c in Sources */,
				4D587D750B80933300200116 /* pcre_dfa_exec.c in Sources */,
				4D587D770B80933300200116 /* pcre_get.c in Sources */,
				4D587D780B80933300200116 /* pcre_refcount.c in Sources */,
				4D587D7A0B80933300200116 /* pcre_study.c in Sources */,
				4D587D7B0B80933300200116 /* pcre_tables.c in Sources */,
				4D587D7E0B80933300200116 /* pcre_valid_utf8.c in Sources */,
				4D587D7F0B80933300200116 /* pcre_version.c in Sources */,
				4D587D800B80933300200116 /* pcre_xclass.c in Sources */,
				17EF8A4517DE31D20014E17E /* pcre_chartables.c in Sources */,
				17EF8A7317DF75800014E17E /* pcre_byte_order.c in Sources */,
				17EF8A7417DF75800014E17E /* pcre_config.c in Sources */,
				17EF8A7517DF75800014E17E /* pcre_jit_compile.c in Sources */,
				17EF8A7617DF75800014E17E /* pcre_newline.c in Sources */,
				17EF8A7717DF75800014E17E /* pcre_string_utils.c in Sources */,
				17EF8A7817DF75800014E17E /* pcre_ucd.c in Sources */,
				17EF8A7A17E05F780014E17E /* pcre_info_fullinfo.c in Sources */,
				BE8544511886CA3300308B92 /* pcre16_byte_order.c in Sources */,
				BE8544521886CA3300308B92 /* pcre16_chartables.c in Sources */,
				BE8544531886CA3300308B92 /* pcre16_compile.c in Sources */,
				BE8544541886CA3300308B92 /* pcre16_config.c in Sources */,
				BE8544551886CA3300308B92 /* pcre16_dfa_exec.c in Sources */,
				BE8544561886CA3300308B92 /* pcre16_exec.c in Sources */,
				BE8544571886CA3300308B92 /* pcre16_fullinfo.c in Sources */,
				BE8544581886CA3300308B92 /* pcre16_get.c in Sources */,
				BE8544591886CA3300308B92 /* pcre16_globals.c in Sources */,
				BE85445A1886CA3300308B92 /* pcre16_jit_compile.c in Sources */,
				BE85445B1886CA3300308B92 /* pcre16_maketables.c in Sources */,
				BE85445C1886CA3300308B92 /* pcre16_newline.c in Sources */,
				BE85445D1886CA3300308B92 /* pcre16_ord2utf16.c in Sources */,
				BE85445E1886CA3300308B92 /* pcre16_refcount.c in Sources */,
				BE85445F1886CA3300308B92 /* pcre16_string_utils.c in Sources */,
				BE8544601886CA3300308B92 /* pcre16_study.c in Sources */,
				BE8544611886CA3300308B92 /* pcre16_tables.c in Sources */,
				BE8544621886CA3300308B92 /* pcre16_ucd.c in Sources */,
				BE8544631886CA3300308B92 /* pcre16_utf16_utils.c in Sources */,
				BE8544641886CA3300308B92 /* pcre16_valid_utf16.c in Sources */,
				BE8544651886CA3300308B92 /* pcre16_version.c in Sources */,
				BE8544661886CA3300308B92 /* pcre16_xclass.c in Sources */,
			);
			runOnlyForDeploymentPostprocessing = 0;
		};
/* End PBXSourcesBuildPhase section */

/* Begin XCBuildConfiguration section */
		1DEB91EC08733DB70010E9CD /* Debug */ = {
			isa = XCBuildConfiguration;
			buildSettings = {
				ARCHS = "$(ARCHS_STANDARD_32_BIT)";
				GLOBAL_GCC_PREPROCESSOR_DEFINITIONS = "TARGET_PLATFORM_MACOS_X _MACOSX HAVE_CONFIG_H";
				OTHER_CFLAGS = "";
				PRODUCT_NAME = pcre;
				VALID_ARCHS = i386;
			};
			name = Debug;
		};
		1DEB91ED08733DB70010E9CD /* Release */ = {
			isa = XCBuildConfiguration;
			buildSettings = {
				GLOBAL_GCC_PREPROCESSOR_DEFINITIONS = "TARGET_PLATFORM_MACOS_X _MACOSX HAVE_CONFIG_H";
				OTHER_CFLAGS = "";
				PRODUCT_NAME = pcre;
			};
			name = Release;
		};
		1DEB91F008733DB70010E9CD /* Debug */ = {
			isa = XCBuildConfiguration;
			baseConfigurationReference = 4DCDCA240B80890D0040D436 /* Debug.xcconfig */;
			buildSettings = {
				ARCHS = "$(ARCHS_STANDARD_32_BIT)";
				OWNER = ..;
			};
			name = Debug;
		};
		1DEB91F108733DB70010E9CD /* Release */ = {
			isa = XCBuildConfiguration;
			baseConfigurationReference = 4DCDCA230B80890D0040D436 /* Release.xcconfig */;
			buildSettings = {
				OWNER = ..;
			};
			name = Release;
		};
/* End XCBuildConfiguration section */

/* Begin XCConfigurationList section */
		1DEB91EB08733DB70010E9CD /* Build configuration list for PBXNativeTarget "libpcre" */ = {
			isa = XCConfigurationList;
			buildConfigurations = (
				1DEB91EC08733DB70010E9CD /* Debug */,
				1DEB91ED08733DB70010E9CD /* Release */,
			);
			defaultConfigurationIsVisible = 0;
			defaultConfigurationName = Debug;
		};
		1DEB91EF08733DB70010E9CD /* Build configuration list for PBXProject "libpcre" */ = {
			isa = XCConfigurationList;
			buildConfigurations = (
				1DEB91F008733DB70010E9CD /* Debug */,
				1DEB91F108733DB70010E9CD /* Release */,
			);
			defaultConfigurationIsVisible = 0;
			defaultConfigurationName = Debug;
		};
/* End XCConfigurationList section */
	};
	rootObject = 08FB7793FE84155DC02AAC07 /* Project object */;
}
