// !$*UTF8*$!
{
	archiveVersion = 1;
	classes = {
	};
	objectVersion = 46;
	objects = {

/* Begin PBXBuildFile section */
		4D44E4A91A233B6F0073FFA2 /* closures.c in Sources */ = {isa = PBXBuildFile; fileRef = 4D44E4A21A233B6F0073FFA2 /* closures.c */; };
		4D44E4AA1A233B6F0073FFA2 /* debug.c in Sources */ = {isa = PBXBuildFile; fileRef = 4D44E4A31A233B6F0073FFA2 /* debug.c */; };
		4D44E4AC1A233B6F0073FFA2 /* java_raw_api.c in Sources */ = {isa = PBXBuildFile; fileRef = 4D44E4A51A233B6F0073FFA2 /* java_raw_api.c */; };
		4D44E4AD1A233B6F0073FFA2 /* prep_cif.c in Sources */ = {isa = PBXBuildFile; fileRef = 4D44E4A61A233B6F0073FFA2 /* prep_cif.c */; };
		4D44E4AE1A233B6F0073FFA2 /* raw_api.c in Sources */ = {isa = PBXBuildFile; fileRef = 4D44E4A71A233B6F0073FFA2 /* raw_api.c */; };
		4D44E4AF1A233B6F0073FFA2 /* types.c in Sources */ = {isa = PBXBuildFile; fileRef = 4D44E4A81A233B6F0073FFA2 /* types.c */; };
		4D44E4B41A233C020073FFA2 /* darwin_i386.S in Sources */ = {isa = PBXBuildFile; fileRef = 4D44E4B01A233C020073FFA2 /* darwin_i386.S */; };
		4D44E4B51A233C020073FFA2 /* darwin64_x86_64.S in Sources */ = {isa = PBXBuildFile; fileRef = 4D44E4B11A233C020073FFA2 /* darwin64_x86_64.S */; };
		4D44E4B61A233C020073FFA2 /* ffi_i386.c in Sources */ = {isa = PBXBuildFile; fileRef = 4D44E4B21A233C020073FFA2 /* ffi_i386.c */; };
		4D44E4B71A233C020073FFA2 /* win32_i386.S in Sources */ = {isa = PBXBuildFile; fileRef = 4D44E4B31A233C020073FFA2 /* win32_i386.S */; };
/* End PBXBuildFile section */

/* Begin PBXFileReference section */
		4D44E4A21A233B6F0073FFA2 /* closures.c */ = {isa = PBXFileReference; fileEncoding = 4; lastKnownFileType = sourcecode.c.c; name = closures.c; path = darwin/src/closures.c; sourceTree = "<group>"; };
		4D44E4A31A233B6F0073FFA2 /* debug.c */ = {isa = PBXFileReference; fileEncoding = 4; lastKnownFileType = sourcecode.c.c; name = debug.c; path = darwin/src/debug.c; sourceTree = "<group>"; };
		4D44E4A51A233B6F0073FFA2 /* java_raw_api.c */ = {isa = PBXFileReference; fileEncoding = 4; lastKnownFileType = sourcecode.c.c; name = java_raw_api.c; path = darwin/src/java_raw_api.c; sourceTree = "<group>"; };
		4D44E4A61A233B6F0073FFA2 /* prep_cif.c */ = {isa = PBXFileReference; fileEncoding = 4; lastKnownFileType = sourcecode.c.c; name = prep_cif.c; path = darwin/src/prep_cif.c; sourceTree = "<group>"; };
		4D44E4A71A233B6F0073FFA2 /* raw_api.c */ = {isa = PBXFileReference; fileEncoding = 4; lastKnownFileType = sourcecode.c.c; name = raw_api.c; path = darwin/src/raw_api.c; sourceTree = "<group>"; };
		4D44E4A81A233B6F0073FFA2 /* types.c */ = {isa = PBXFileReference; fileEncoding = 4; lastKnownFileType = sourcecode.c.c; name = types.c; path = darwin/src/types.c; sourceTree = "<group>"; };
		4D44E4B01A233C020073FFA2 /* darwin_i386.S */ = {isa = PBXFileReference; fileEncoding = 4; lastKnownFileType = sourcecode.asm; name = darwin_i386.S; path = darwin/src/x86/darwin_i386.S; sourceTree = "<group>"; };
		4D44E4B11A233C020073FFA2 /* darwin64_x86_64.S */ = {isa = PBXFileReference; fileEncoding = 4; lastKnownFileType = sourcecode.asm; name = darwin64_x86_64.S; path = darwin/src/x86/darwin64_x86_64.S; sourceTree = "<group>"; };
		4D44E4B21A233C020073FFA2 /* ffi_i386.c */ = {isa = PBXFileReference; fileEncoding = 4; lastKnownFileType = sourcecode.c.c; name = ffi_i386.c; path = darwin/src/x86/ffi_i386.c; sourceTree = "<group>"; };
		4D44E4B31A233C020073FFA2 /* win32_i386.S */ = {isa = PBXFileReference; fileEncoding = 4; lastKnownFileType = sourcecode.asm; name = win32_i386.S; path = darwin/src/x86/win32_i386.S; sourceTree = "<group>"; };
		4D44E4B81A233C2F0073FFA2 /* ffi_common.h */ = {isa = PBXFileReference; lastKnownFileType = sourcecode.c.h; name = ffi_common.h; path = darwin/include/ffi_common.h; sourceTree = "<group>"; };
		4D44E4B91A233C2F0073FFA2 /* ffi_i386.h */ = {isa = PBXFileReference; lastKnownFileType = sourcecode.c.h; name = ffi_i386.h; path = darwin/include/ffi_i386.h; sourceTree = "<group>"; };
		4D44E4BA1A233C2F0073FFA2 /* ffi.h */ = {isa = PBXFileReference; lastKnownFileType = sourcecode.c.h; name = ffi.h; path = darwin/include/ffi.h; sourceTree = "<group>"; };
		4D44E4BB1A233C2F0073FFA2 /* fficonfig_i386.h */ = {isa = PBXFileReference; lastKnownFileType = sourcecode.c.h; name = fficonfig_i386.h; path = darwin/include/fficonfig_i386.h; sourceTree = "<group>"; };
		4D44E4BC1A233C2F0073FFA2 /* fficonfig.h */ = {isa = PBXFileReference; lastKnownFileType = sourcecode.c.h; name = fficonfig.h; path = darwin/include/fficonfig.h; sourceTree = "<group>"; };
		4D44E4BD1A233C2F0073FFA2 /* ffitarget_i386.h */ = {isa = PBXFileReference; lastKnownFileType = sourcecode.c.h; name = ffitarget_i386.h; path = darwin/include/ffitarget_i386.h; sourceTree = "<group>"; };
		4D44E4BE1A233C2F0073FFA2 /* ffitarget.h */ = {isa = PBXFileReference; lastKnownFileType = sourcecode.c.h; name = ffitarget.h; path = darwin/include/ffitarget.h; sourceTree = "<group>"; };
		4DCDCA230B80890D0040D436 /* Release.xcconfig */ = {isa = PBXFileReference; fileEncoding = 30; lastKnownFileType = text.xcconfig; name = Release.xcconfig; path = ../../rules/Release.xcconfig; sourceTree = SOURCE_ROOT; };
		4DCDCA240B80890D0040D436 /* Debug.xcconfig */ = {isa = PBXFileReference; fileEncoding = 30; lastKnownFileType = text.xcconfig; name = Debug.xcconfig; path = ../../rules/Debug.xcconfig; sourceTree = SOURCE_ROOT; };
		4DCDCA320B8089D00040D436 /* Global.xcconfig */ = {isa = PBXFileReference; fileEncoding = 30; lastKnownFileType = text.xcconfig; name = Global.xcconfig; path = ../../rules/Global.xcconfig; sourceTree = SOURCE_ROOT; };
		D2AAC046055464E500DB518D /* libffi.a */ = {isa = PBXFileReference; explicitFileType = archive.ar; includeInIndex = 0; path = libffi.a; sourceTree = BUILT_PRODUCTS_DIR; };
/* End PBXFileReference section */

/* Begin PBXFrameworksBuildPhase section */
		D289987405E68DCB004EDB86 /* Frameworks */ = {
			isa = PBXFrameworksBuildPhase;
			buildActionMask = 2147483647;
			files = (
			);
			runOnlyForDeploymentPostprocessing = 0;
		};
/* End PBXFrameworksBuildPhase section */

/* Begin PBXGroup section */
		08FB7794FE84155DC02AAC07 /* libz */ = {
			isa = PBXGroup;
			children = (
				4DCDCA1E0B8088440040D436 /* Configurations */,
				4DCA07EE11E8D904005CF640 /* Headers */,
				08FB7795FE84155DC02AAC07 /* Source */,
				C6A0FF2B0290797F04C91782 /* Documentation */,
				1AB674ADFE9D54B511CA2CBB /* Products */,
			);
			name = libz;
			sourceTree = "<group>";
		};
		08FB7795FE84155DC02AAC07 /* Source */ = {
			isa = PBXGroup;
			children = (
				4D44E4A21A233B6F0073FFA2 /* closures.c */,
				4D44E4A31A233B6F0073FFA2 /* debug.c */,
				4D44E4A51A233B6F0073FFA2 /* java_raw_api.c */,
				4D44E4A61A233B6F0073FFA2 /* prep_cif.c */,
				4D44E4A71A233B6F0073FFA2 /* raw_api.c */,
				4D44E4A81A233B6F0073FFA2 /* types.c */,
				4D44E4B01A233C020073FFA2 /* darwin_i386.S */,
				4D44E4B11A233C020073FFA2 /* darwin64_x86_64.S */,
				4D44E4B21A233C020073FFA2 /* ffi_i386.c */,
				4D44E4B31A233C020073FFA2 /* win32_i386.S */,
			);
			name = Source;
			sourceTree = "<group>";
		};
		1AB674ADFE9D54B511CA2CBB /* Products */ = {
			isa = PBXGroup;
			children = (
				D2AAC046055464E500DB518D /* libffi.a */,
			);
			name = Products;
			sourceTree = "<group>";
		};
		4DCA07EE11E8D904005CF640 /* Headers */ = {
			isa = PBXGroup;
			children = (
				4D44E4B81A233C2F0073FFA2 /* ffi_common.h */,
				4D44E4B91A233C2F0073FFA2 /* ffi_i386.h */,
				4D44E4BA1A233C2F0073FFA2 /* ffi.h */,
				4D44E4BB1A233C2F0073FFA2 /* fficonfig_i386.h */,
				4D44E4BC1A233C2F0073FFA2 /* fficonfig.h */,
				4D44E4BD1A233C2F0073FFA2 /* ffitarget_i386.h */,
				4D44E4BE1A233C2F0073FFA2 /* ffitarget.h */,
			);
			name = Headers;
			sourceTree = "<group>";
		};
		4DCDCA1E0B8088440040D436 /* Configurations */ = {
			isa = PBXGroup;
			children = (
				4DCDCA320B8089D00040D436 /* Global.xcconfig */,
				4DCDCA230B80890D0040D436 /* Release.xcconfig */,
				4DCDCA240B80890D0040D436 /* Debug.xcconfig */,
			);
			name = Configurations;
			sourceTree = "<group>";
		};
		C6A0FF2B0290797F04C91782 /* Documentation */ = {
			isa = PBXGroup;
			children = (
			);
			name = Documentation;
			sourceTree = "<group>";
		};
/* End PBXGroup section */

/* Begin PBXNativeTarget section */
		D2AAC045055464E500DB518D /* libffi */ = {
			isa = PBXNativeTarget;
			buildConfigurationList = 1DEB91EB08733DB70010E9CD /* Build configuration list for PBXNativeTarget "libffi" */;
			buildPhases = (
				D2AAC044055464E500DB518D /* Sources */,
				D289987405E68DCB004EDB86 /* Frameworks */,
			);
			buildRules = (
			);
			dependencies = (
			);
			name = libffi;
			productName = libz;
			productReference = D2AAC046055464E500DB518D /* libffi.a */;
			productType = "com.apple.product-type.library.static";
		};
/* End PBXNativeTarget section */

/* Begin PBXProject section */
		08FB7793FE84155DC02AAC07 /* Project object */ = {
			isa = PBXProject;
			attributes = {
			};
			buildConfigurationList = 1DEB91EF08733DB70010E9CD /* Build configuration list for PBXProject "libffi" */;
			compatibilityVersion = "Xcode 3.2";
			developmentRegion = English;
			hasScannedForEncodings = 1;
			knownRegions = (
				English,
				Japanese,
				French,
				German,
			);
			mainGroup = 08FB7794FE84155DC02AAC07 /* libz */;
			projectDirPath = "";
			projectRoot = "";
			targets = (
				D2AAC045055464E500DB518D /* libffi */,
			);
		};
/* End PBXProject section */

/* Begin PBXSourcesBuildPhase section */
		D2AAC044055464E500DB518D /* Sources */ = {
			isa = PBXSourcesBuildPhase;
			buildActionMask = 2147483647;
			files = (
				4D44E4A91A233B6F0073FFA2 /* closures.c in Sources */,
				4D44E4B61A233C020073FFA2 /* ffi_i386.c in Sources */,
				4D44E4AF1A233B6F0073FFA2 /* types.c in Sources */,
				4D44E4AE1A233B6F0073FFA2 /* raw_api.c in Sources */,
				4D44E4B51A233C020073FFA2 /* darwin64_x86_64.S in Sources */,
				4D44E4AA1A233B6F0073FFA2 /* debug.c in Sources */,
				4D44E4B71A233C020073FFA2 /* win32_i386.S in Sources */,
				4D44E4B41A233C020073FFA2 /* darwin_i386.S in Sources */,
				4D44E4AD1A233B6F0073FFA2 /* prep_cif.c in Sources */,
				4D44E4AC1A233B6F0073FFA2 /* java_raw_api.c in Sources */,
			);
			runOnlyForDeploymentPostprocessing = 0;
		};
/* End PBXSourcesBuildPhase section */

/* Begin XCBuildConfiguration section */
		1DEB91EC08733DB70010E9CD /* Debug */ = {
			isa = XCBuildConfiguration;
			buildSettings = {
				PRODUCT_NAME = ffi;
			};
			name = Debug;
		};
		1DEB91ED08733DB70010E9CD /* Release */ = {
			isa = XCBuildConfiguration;
			buildSettings = {
				PRODUCT_NAME = ffi;
			};
			name = Release;
		};
		1DEB91F008733DB70010E9CD /* Debug */ = {
			isa = XCBuildConfiguration;
			baseConfigurationReference = 4DCDCA240B80890D0040D436 /* Debug.xcconfig */;
			buildSettings = {
				OWNER = ..;
			};
			name = Debug;
		};
		1DEB91F108733DB70010E9CD /* Release */ = {
			isa = XCBuildConfiguration;
			baseConfigurationReference = 4DCDCA230B80890D0040D436 /* Release.xcconfig */;
			buildSettings = {
				OWNER = ..;
			};
			name = Release;
		};
/* End XCBuildConfiguration section */

/* Begin XCConfigurationList section */
		1DEB91EB08733DB70010E9CD /* Build configuration list for PBXNativeTarget "libffi" */ = {
			isa = XCConfigurationList;
			buildConfigurations = (
				1DEB91EC08733DB70010E9CD /* Debug */,
				1DEB91ED08733DB70010E9CD /* Release */,
			);
			defaultConfigurationIsVisible = 0;
			defaultConfigurationName = Release;
		};
		1DEB91EF08733DB70010E9CD /* Build configuration list for PBXProject "libffi" */ = {
			isa = XCConfigurationList;
			buildConfigurations = (
				1DEB91F008733DB70010E9CD /* Debug */,
				1DEB91F108733DB70010E9CD /* Release */,
			);
			defaultConfigurationIsVisible = 0;
			defaultConfigurationName = Release;
		};
/* End XCConfigurationList section */
	};
	rootObject = 08FB7793FE84155DC02AAC07 /* Project object */;
}
