// !$*UTF8*$!
{
	archiveVersion = 1;
	classes = {
	};
	objectVersion = 46;
	objects = {

/* Begin PBXBuildFile section */
		4D582DF118056CA0006DE6A2 /* pcre_byte_order.c in Sources */ = {isa = PBXBuildFile; fileRef = 4D582DDB18056CA0006DE6A2 /* pcre_byte_order.c */; };
		4D582DF218056CA0006DE6A2 /* pcre_chartables.c in Sources */ = {isa = PBXBuildFile; fileRef = 4D582DDC18056CA0006DE6A2 /* pcre_chartables.c */; };
		4D582DF318056CA0006DE6A2 /* pcre_compile.c in Sources */ = {isa = PBXBuildFile; fileRef = 4D582DDD18056CA0006DE6A2 /* pcre_compile.c */; };
		4D582DF418056CA0006DE6A2 /* pcre_config.c in Sources */ = {isa = PBXBuildFile; fileRef = 4D582DDE18056CA0006DE6A2 /* pcre_config.c */; };
		4D582DF518056CA0006DE6A2 /* pcre_dfa_exec.c in Sources */ = {isa = PBXBuildFile; fileRef = 4D582DDF18056CA0006DE6A2 /* pcre_dfa_exec.c */; };
		4D582DF618056CA0006DE6A2 /* pcre_exec.c in Sources */ = {isa = PBXBuildFile; fileRef = 4D582DE018056CA0006DE6A2 /* pcre_exec.c */; };
		4D582DF718056CA0006DE6A2 /* pcre_fullinfo.c in Sources */ = {isa = PBXBuildFile; fileRef = 4D582DE118056CA0006DE6A2 /* pcre_fullinfo.c */; };
		4D582DF818056CA0006DE6A2 /* pcre_get.c in Sources */ = {isa = PBXBuildFile; fileRef = 4D582DE218056CA0006DE6A2 /* pcre_get.c */; };
		4D582DF918056CA0006DE6A2 /* pcre_globals.c in Sources */ = {isa = PBXBuildFile; fileRef = 4D582DE318056CA0006DE6A2 /* pcre_globals.c */; };
		4D582DFA18056CA0006DE6A2 /* pcre_info_fullinfo.c in Sources */ = {isa = PBXBuildFile; fileRef = 4D582DE418056CA0006DE6A2 /* pcre_info_fullinfo.c */; };
		4D582DFB18056CA0006DE6A2 /* pcre_jit_compile.c in Sources */ = {isa = PBXBuildFile; fileRef = 4D582DE518056CA0006DE6A2 /* pcre_jit_compile.c */; };
		4D582DFC18056CA0006DE6A2 /* pcre_maketables.c in Sources */ = {isa = PBXBuildFile; fileRef = 4D582DE618056CA0006DE6A2 /* pcre_maketables.c */; };
		4D582DFD18056CA0006DE6A2 /* pcre_newline.c in Sources */ = {isa = PBXBuildFile; fileRef = 4D582DE718056CA0006DE6A2 /* pcre_newline.c */; };
		4D582DFE18056CA0006DE6A2 /* pcre_ord2utf8.c in Sources */ = {isa = PBXBuildFile; fileRef = 4D582DE818056CA0006DE6A2 /* pcre_ord2utf8.c */; };
		4D582DFF18056CA0006DE6A2 /* pcre_refcount.c in Sources */ = {isa = PBXBuildFile; fileRef = 4D582DE918056CA0006DE6A2 /* pcre_refcount.c */; };
		4D582E0018056CA0006DE6A2 /* pcre_string_utils.c in Sources */ = {isa = PBXBuildFile; fileRef = 4D582DEA18056CA0006DE6A2 /* pcre_string_utils.c */; };
		4D582E0118056CA0006DE6A2 /* pcre_study.c in Sources */ = {isa = PBXBuildFile; fileRef = 4D582DEB18056CA0006DE6A2 /* pcre_study.c */; };
		4D582E0218056CA0006DE6A2 /* pcre_tables.c in Sources */ = {isa = PBXBuildFile; fileRef = 4D582DEC18056CA0006DE6A2 /* pcre_tables.c */; };
		4D582E0318056CA0006DE6A2 /* pcre_ucd.c in Sources */ = {isa = PBXBuildFile; fileRef = 4D582DED18056CA0006DE6A2 /* pcre_ucd.c */; };
		4D582E0418056CA0006DE6A2 /* pcre_valid_utf8.c in Sources */ = {isa = PBXBuildFile; fileRef = 4D582DEE18056CA0006DE6A2 /* pcre_valid_utf8.c */; };
		4D582E0518056CA0006DE6A2 /* pcre_version.c in Sources */ = {isa = PBXBuildFile; fileRef = 4D582DEF18056CA0006DE6A2 /* pcre_version.c */; };
		4D582E0618056CA0006DE6A2 /* pcre_xclass.c in Sources */ = {isa = PBXBuildFile; fileRef = 4D582DF018056CA0006DE6A2 /* pcre_xclass.c */; };
/* End PBXBuildFile section */

/* Begin PBXFileReference section */
		4D582DDB18056CA0006DE6A2 /* pcre_byte_order.c */ = {isa = PBXFileReference; fileEncoding = 4; lastKnownFileType = sourcecode.c.c; name = pcre_byte_order.c; path = src/pcre_byte_order.c; sourceTree = "<group>"; };
		4D582DDC18056CA0006DE6A2 /* pcre_chartables.c */ = {isa = PBXFileReference; fileEncoding = 4; lastKnownFileType = sourcecode.c.c; name = pcre_chartables.c; path = src/pcre_chartables.c; sourceTree = "<group>"; };
		4D582DDD18056CA0006DE6A2 /* pcre_compile.c */ = {isa = PBXFileReference; fileEncoding = 4; lastKnownFileType = sourcecode.c.c; name = pcre_compile.c; path = src/pcre_compile.c; sourceTree = "<group>"; };
		4D582DDE18056CA0006DE6A2 /* pcre_config.c */ = {isa = PBXFileReference; fileEncoding = 4; lastKnownFileType = sourcecode.c.c; name = pcre_config.c; path = src/pcre_config.c; sourceTree = "<group>"; };
		4D582DDF18056CA0006DE6A2 /* pcre_dfa_exec.c */ = {isa = PBXFileReference; fileEncoding = 4; lastKnownFileType = sourcecode.c.c; name = pcre_dfa_exec.c; path = src/pcre_dfa_exec.c; sourceTree = "<group>"; };
		4D582DE018056CA0006DE6A2 /* pcre_exec.c */ = {isa = PBXFileReference; fileEncoding = 4; lastKnownFileType = sourcecode.c.c; name = pcre_exec.c; path = src/pcre_exec.c; sourceTree = "<group>"; };
		4D582DE118056CA0006DE6A2 /* pcre_fullinfo.c */ = {isa = PBXFileReference; fileEncoding = 4; lastKnownFileType = sourcecode.c.c; name = pcre_fullinfo.c; path = src/pcre_fullinfo.c; sourceTree = "<group>"; };
		4D582DE218056CA0006DE6A2 /* pcre_get.c */ = {isa = PBXFileReference; fileEncoding = 4; lastKnownFileType = sourcecode.c.c; name = pcre_get.c; path = src/pcre_get.c; sourceTree = "<group>"; };
		4D582DE318056CA0006DE6A2 /* pcre_globals.c */ = {isa = PBXFileReference; fileEncoding = 4; lastKnownFileType = sourcecode.c.c; name = pcre_globals.c; path = src/pcre_globals.c; sourceTree = "<group>"; };
		4D582DE418056CA0006DE6A2 /* pcre_info_fullinfo.c */ = {isa = PBXFileReference; fileEncoding = 4; lastKnownFileType = sourcecode.c.c; name = pcre_info_fullinfo.c; path = src/pcre_info_fullinfo.c; sourceTree = "<group>"; };
		4D582DE518056CA0006DE6A2 /* pcre_jit_compile.c */ = {isa = PBXFileReference; fileEncoding = 4; lastKnownFileType = sourcecode.c.c; name = pcre_jit_compile.c; path = src/pcre_jit_compile.c; sourceTree = "<group>"; };
		4D582DE618056CA0006DE6A2 /* pcre_maketables.c */ = {isa = PBXFileReference; fileEncoding = 4; lastKnownFileType = sourcecode.c.c; name = pcre_maketables.c; path = src/pcre_maketables.c; sourceTree = "<group>"; };
		4D582DE718056CA0006DE6A2 /* pcre_newline.c */ = {isa = PBXFileReference; fileEncoding = 4; lastKnownFileType = sourcecode.c.c; name = pcre_newline.c; path = src/pcre_newline.c; sourceTree = "<group>"; };
		4D582DE818056CA0006DE6A2 /* pcre_ord2utf8.c */ = {isa = PBXFileReference; fileEncoding = 4; lastKnownFileType = sourcecode.c.c; name = pcre_ord2utf8.c; path = src/pcre_ord2utf8.c; sourceTree = "<group>"; };
		4D582DE918056CA0006DE6A2 /* pcre_refcount.c */ = {isa = PBXFileReference; fileEncoding = 4; lastKnownFileType = sourcecode.c.c; name = pcre_refcount.c; path = src/pcre_refcount.c; sourceTree = "<group>"; };
		4D582DEA18056CA0006DE6A2 /* pcre_string_utils.c */ = {isa = PBXFileReference; fileEncoding = 4; lastKnownFileType = sourcecode.c.c; name = pcre_string_utils.c; path = src/pcre_string_utils.c; sourceTree = "<group>"; };
		4D582DEB18056CA0006DE6A2 /* pcre_study.c */ = {isa = PBXFileReference; fileEncoding = 4; lastKnownFileType = sourcecode.c.c; name = pcre_study.c; path = src/pcre_study.c; sourceTree = "<group>"; };
		4D582DEC18056CA0006DE6A2 /* pcre_tables.c */ = {isa = PBXFileReference; fileEncoding = 4; lastKnownFileType = sourcecode.c.c; name = pcre_tables.c; path = src/pcre_tables.c; sourceTree = "<group>"; };
		4D582DED18056CA0006DE6A2 /* pcre_ucd.c */ = {isa = PBXFileReference; fileEncoding = 4; lastKnownFileType = sourcecode.c.c; name = pcre_ucd.c; path = src/pcre_ucd.c; sourceTree = "<group>"; };
		4D582DEE18056CA0006DE6A2 /* pcre_valid_utf8.c */ = {isa = PBXFileReference; fileEncoding = 4; lastKnownFileType = sourcecode.c.c; name = pcre_valid_utf8.c; path = src/pcre_valid_utf8.c; sourceTree = "<group>"; };
		4D582DEF18056CA0006DE6A2 /* pcre_version.c */ = {isa = PBXFileReference; fileEncoding = 4; lastKnownFileType = sourcecode.c.c; name = pcre_version.c; path = src/pcre_version.c; sourceTree = "<group>"; };
		4D582DF018056CA0006DE6A2 /* pcre_xclass.c */ = {isa = PBXFileReference; fileEncoding = 4; lastKnownFileType = sourcecode.c.c; name = pcre_xclass.c; path = src/pcre_xclass.c; sourceTree = "<group>"; };
		4D582E0718056CAC006DE6A2 /* config.h */ = {isa = PBXFileReference; fileEncoding = 4; lastKnownFileType = sourcecode.c.h; name = config.h; path = src/config.h; sourceTree = "<group>"; };
		4D582E0818056CAC006DE6A2 /* pcre_internal.h */ = {isa = PBXFileReference; fileEncoding = 4; lastKnownFileType = sourcecode.c.h; name = pcre_internal.h; path = src/pcre_internal.h; sourceTree = "<group>"; };
		4D582E0918056CAC006DE6A2 /* ucp.h */ = {isa = PBXFileReference; fileEncoding = 4; lastKnownFileType = sourcecode.c.h; name = ucp.h; path = src/ucp.h; sourceTree = "<group>"; };
		4D582E0B18056CBF006DE6A2 /* pcre.h */ = {isa = PBXFileReference; fileEncoding = 4; lastKnownFileType = sourcecode.c.h; name = pcre.h; path = include/pcre.h; sourceTree = "<group>"; };
		4D582E0C18056CBF006DE6A2 /* pcreposix.h */ = {isa = PBXFileReference; fileEncoding = 4; lastKnownFileType = sourcecode.c.h; name = pcreposix.h; path = include/pcreposix.h; sourceTree = "<group>"; };
		4DD3DF451040B04D00CAC7EF /* Global Mobile.xcconfig */ = {isa = PBXFileReference; fileEncoding = 4; lastKnownFileType = text.xcconfig; name = "Global Mobile.xcconfig"; path = "../../rules/Global Mobile.xcconfig"; sourceTree = SOURCE_ROOT; };
		4DD3DF461040B04D00CAC7EF /* Debug Mobile.xcconfig */ = {isa = PBXFileReference; fileEncoding = 4; lastKnownFileType = text.xcconfig; name = "Debug Mobile.xcconfig"; path = "../../rules/Debug Mobile.xcconfig"; sourceTree = SOURCE_ROOT; };
		4DD3DF4A1040B13E00CAC7EF /* Release Mobile.xcconfig */ = {isa = PBXFileReference; fileEncoding = 4; lastKnownFileType = text.xcconfig; name = "Release Mobile.xcconfig"; path = "../../rules/Release Mobile.xcconfig"; sourceTree = SOURCE_ROOT; };
		4DD3E0F91040BCE300CAC7EF /* libpcremobile.a */ = {isa = PBXFileReference; explicitFileType = archive.ar; includeInIndex = 0; path = libpcremobile.a; sourceTree = BUILT_PRODUCTS_DIR; };
/* End PBXFileReference section */

/* Begin PBXFrameworksBuildPhase section */
		4DD3E0F71040BCE300CAC7EF /* Frameworks */ = {
			isa = PBXFrameworksBuildPhase;
			buildActionMask = 2147483647;
			files = (
			);
			runOnlyForDeploymentPostprocessing = 0;
		};
/* End PBXFrameworksBuildPhase section */

/* Begin PBXGroup section */
		4D582E0A18056CB0006DE6A2 /* Headers */ = {
			isa = PBXGroup;
			children = (
				4D582E0B18056CBF006DE6A2 /* pcre.h */,
				4D582E0C18056CBF006DE6A2 /* pcreposix.h */,
			);
			name = Headers;
			sourceTree = "<group>";
		};
		4DD3DD7B1040AA4700CAC7EF = {
			isa = PBXGroup;
			children = (
				4DD3DF3A1040B03B00CAC7EF /* Configurations */,
				4D582E0A18056CB0006DE6A2 /* Headers */,
				4DD3DDAC1040ABB000CAC7EF /* Sources */,
				4DD3DD9A1040AA9A00CAC7EF /* Products */,
			);
			sourceTree = "<group>";
		};
		4DD3DD9A1040AA9A00CAC7EF /* Products */ = {
			isa = PBXGroup;
			children = (
				4DD3E0F91040BCE300CAC7EF /* libpcremobile.a */,
			);
			name = Products;
			sourceTree = "<group>";
		};
		4DD3DDAC1040ABB000CAC7EF /* Sources */ = {
			isa = PBXGroup;
			children = (
				4D582E0718056CAC006DE6A2 /* config.h */,
				4D582E0818056CAC006DE6A2 /* pcre_internal.h */,
				4D582E0918056CAC006DE6A2 /* ucp.h */,
				4D582DDB18056CA0006DE6A2 /* pcre_byte_order.c */,
				4D582DDC18056CA0006DE6A2 /* pcre_chartables.c */,
				4D582DDD18056CA0006DE6A2 /* pcre_compile.c */,
				4D582DDE18056CA0006DE6A2 /* pcre_config.c */,
				4D582DDF18056CA0006DE6A2 /* pcre_dfa_exec.c */,
				4D582DE018056CA0006DE6A2 /* pcre_exec.c */,
				4D582DE118056CA0006DE6A2 /* pcre_fullinfo.c */,
				4D582DE218056CA0006DE6A2 /* pcre_get.c */,
				4D582DE318056CA0006DE6A2 /* pcre_globals.c */,
				4D582DE418056CA0006DE6A2 /* pcre_info_fullinfo.c */,
				4D582DE518056CA0006DE6A2 /* pcre_jit_compile.c */,
				4D582DE618056CA0006DE6A2 /* pcre_maketables.c */,
				4D582DE718056CA0006DE6A2 /* pcre_newline.c */,
				4D582DE818056CA0006DE6A2 /* pcre_ord2utf8.c */,
				4D582DE918056CA0006DE6A2 /* pcre_refcount.c */,
				4D582DEA18056CA0006DE6A2 /* pcre_string_utils.c */,
				4D582DEB18056CA0006DE6A2 /* pcre_study.c */,
				4D582DEC18056CA0006DE6A2 /* pcre_tables.c */,
				4D582DED18056CA0006DE6A2 /* pcre_ucd.c */,
				4D582DEE18056CA0006DE6A2 /* pcre_valid_utf8.c */,
				4D582DEF18056CA0006DE6A2 /* pcre_version.c */,
				4D582DF018056CA0006DE6A2 /* pcre_xclass.c */,
			);
			name = Sources;
			sourceTree = "<group>";
		};
		4DD3DF3A1040B03B00CAC7EF /* Configurations */ = {
			isa = PBXGroup;
			children = (
				4DD3DF461040B04D00CAC7EF /* Debug Mobile.xcconfig */,
				4DD3DF4A1040B13E00CAC7EF /* Release Mobile.xcconfig */,
				4DD3DF451040B04D00CAC7EF /* Global Mobile.xcconfig */,
			);
			name = Configurations;
			sourceTree = "<group>";
		};
/* End PBXGroup section */

/* Begin PBXHeadersBuildPhase section */
		4DD3E0F51040BCE300CAC7EF /* Headers */ = {
			isa = PBXHeadersBuildPhase;
			buildActionMask = 2147483647;
			files = (
			);
			runOnlyForDeploymentPostprocessing = 0;
		};
/* End PBXHeadersBuildPhase section */

/* Begin PBXNativeTarget section */
		4DD3E0F81040BCE300CAC7EF /* pcremobile */ = {
			isa = PBXNativeTarget;
			buildConfigurationList = 4DD3E0FF1040BCE700CAC7EF /* Build configuration list for PBXNativeTarget "pcremobile" */;
			buildPhases = (
				4DD3E0F51040BCE300CAC7EF /* Headers */,
				4DD3E0F61040BCE300CAC7EF /* Sources */,
				4DD3E0F71040BCE300CAC7EF /* Frameworks */,
			);
			buildRules = (
			);
			dependencies = (
			);
			name = pcremobile;
			productName = libpcremobile;
			productReference = 4DD3E0F91040BCE300CAC7EF /* libpcremobile.a */;
			productType = "com.apple.product-type.library.static";
		};
/* End PBXNativeTarget section */

/* Begin PBXProject section */
		4DD3DD7D1040AA4700CAC7EF /* Project object */ = {
			isa = PBXProject;
			buildConfigurationList = 4DD3DD801040AA4700CAC7EF /* Build configuration list for PBXProject "libpcre-mobile" */;
			compatibilityVersion = "Xcode 3.2";
			developmentRegion = English;
			hasScannedForEncodings = 0;
			knownRegions = (
				English,
				Japanese,
				French,
				German,
			);
			mainGroup = 4DD3DD7B1040AA4700CAC7EF;
			productRefGroup = 4DD3DD9A1040AA9A00CAC7EF /* Products */;
			projectDirPath = "";
			projectRoot = "";
			targets = (
				4DD3E0F81040BCE300CAC7EF /* pcremobile */,
			);
		};
/* End PBXProject section */

/* Begin PBXSourcesBuildPhase section */
		4DD3E0F61040BCE300CAC7EF /* Sources */ = {
			isa = PBXSourcesBuildPhase;
			buildActionMask = 2147483647;
			files = (
				4D582DF118056CA0006DE6A2 /* pcre_byte_order.c in Sources */,
				4D582DF218056CA0006DE6A2 /* pcre_chartables.c in Sources */,
				4D582DF318056CA0006DE6A2 /* pcre_compile.c in Sources */,
				4D582DF418056CA0006DE6A2 /* pcre_config.c in Sources */,
				4D582DF518056CA0006DE6A2 /* pcre_dfa_exec.c in Sources */,
				4D582DF618056CA0006DE6A2 /* pcre_exec.c in Sources */,
				4D582DF718056CA0006DE6A2 /* pcre_fullinfo.c in Sources */,
				4D582DF818056CA0006DE6A2 /* pcre_get.c in Sources */,
				4D582DF918056CA0006DE6A2 /* pcre_globals.c in Sources */,
				4D582DFA18056CA0006DE6A2 /* pcre_info_fullinfo.c in Sources */,
				4D582DFB18056CA0006DE6A2 /* pcre_jit_compile.c in Sources */,
				4D582DFC18056CA0006DE6A2 /* pcre_maketables.c in Sources */,
				4D582DFD18056CA0006DE6A2 /* pcre_newline.c in Sources */,
				4D582DFE18056CA0006DE6A2 /* pcre_ord2utf8.c in Sources */,
				4D582DFF18056CA0006DE6A2 /* pcre_refcount.c in Sources */,
				4D582E0018056CA0006DE6A2 /* pcre_string_utils.c in Sources */,
				4D582E0118056CA0006DE6A2 /* pcre_study.c in Sources */,
				4D582E0218056CA0006DE6A2 /* pcre_tables.c in Sources */,
				4D582E0318056CA0006DE6A2 /* pcre_ucd.c in Sources */,
				4D582E0418056CA0006DE6A2 /* pcre_valid_utf8.c in Sources */,
				4D582E0518056CA0006DE6A2 /* pcre_version.c in Sources */,
				4D582E0618056CA0006DE6A2 /* pcre_xclass.c in Sources */,
			);
			runOnlyForDeploymentPostprocessing = 0;
		};
/* End PBXSourcesBuildPhase section */

/* Begin XCBuildConfiguration section */
		4D75E669113C0DA7000A129F /* Release */ = {
			isa = XCBuildConfiguration;
			baseConfigurationReference = 4DD3DF4A1040B13E00CAC7EF /* Release Mobile.xcconfig */;
			buildSettings = {
				OWNER = ..;
			};
			name = Release;
		};
		4D75E66A113C0DA7000A129F /* Release */ = {
			isa = XCBuildConfiguration;
			buildSettings = {
				PRODUCT_NAME = pcremobile;
			};
			name = Release;
		};
		4D8F6FDA113EC99B0056ED41 /* ReleaseDeviceForShark */ = {
			isa = XCBuildConfiguration;
			baseConfigurationReference = 4DD3DF4A1040B13E00CAC7EF /* Release Mobile.xcconfig */;
			buildSettings = {
				OWNER = ..;
			};
			name = ReleaseDeviceForShark;
		};
		4D8F6FDB113EC99B0056ED41 /* ReleaseDeviceForShark */ = {
			isa = XCBuildConfiguration;
			buildSettings = {
				PRODUCT_NAME = pcremobile;
			};
			name = ReleaseDeviceForShark;
		};
		4DD3DD7E1040AA4700CAC7EF /* Debug */ = {
			isa = XCBuildConfiguration;
			baseConfigurationReference = 4DD3DF461040B04D00CAC7EF /* Debug Mobile.xcconfig */;
			buildSettings = {
				OWNER = ..;
			};
			name = Debug;
		};
		4DD3E0FA1040BCE400CAC7EF /* Debug */ = {
			isa = XCBuildConfiguration;
			buildSettings = {
				PRODUCT_NAME = pcremobile;
			};
			name = Debug;
		};
/* End XCBuildConfiguration section */

/* Begin XCConfigurationList section */
		4DD3DD801040AA4700CAC7EF /* Build configuration list for PBXProject "libpcre-mobile" */ = {
			isa = XCConfigurationList;
			buildConfigurations = (
				4DD3DD7E1040AA4700CAC7EF /* Debug */,
				4D75E669113C0DA7000A129F /* Release */,
				4D8F6FDA113EC99B0056ED41 /* ReleaseDeviceForShark */,
			);
			defaultConfigurationIsVisible = 0;
			defaultConfigurationName = Release;
		};
		4DD3E0FF1040BCE700CAC7EF /* Build configuration list for PBXNativeTarget "pcremobile" */ = {
			isa = XCConfigurationList;
			buildConfigurations = (
				4DD3E0FA1040BCE400CAC7EF /* Debug */,
				4D75E66A113C0DA7000A129F /* Release */,
				4D8F6FDB113EC99B0056ED41 /* ReleaseDeviceForShark */,
			);
			defaultConfigurationIsVisible = 0;
			defaultConfigurationName = Release;
		};
/* End XCConfigurationList section */
	};
	rootObject = 4DD3DD7D1040AA4700CAC7EF /* Project object */;
}
