// !$*UTF8*$!
{
	archiveVersion = 1;
	classes = {
	};
	objectVersion = 46;
	objects = {

/* Begin PBXBuildFile section */
		720165B71A420D4D002B53F9 /* closures.c in Sources */ = {isa = PBXBuildFile; fileRef = 720165B11A420D4D002B53F9 /* closures.c */; };
		720165B81A420D4D002B53F9 /* debug.c in Sources */ = {isa = PBXBuildFile; fileRef = 720165B21A420D4D002B53F9 /* debug.c */; };
		720165B91A420D4D002B53F9 /* java_raw_api.c in Sources */ = {isa = PBXBuildFile; fileRef = 720165B31A420D4D002B53F9 /* java_raw_api.c */; };
		720165BA1A420D4D002B53F9 /* prep_cif.c in Sources */ = {isa = PBXBuildFile; fileRef = 720165B41A420D4D002B53F9 /* prep_cif.c */; };
		720165BB1A420D4D002B53F9 /* raw_api.c in Sources */ = {isa = PBXBuildFile; fileRef = 720165B51A420D4D002B53F9 /* raw_api.c */; };
		720165BC1A420D4D002B53F9 /* types.c in Sources */ = {isa = PBXBuildFile; fileRef = 720165B61A420D4D002B53F9 /* types.c */; };
		720165BF1A420D5A002B53F9 /* ffi_arm64.c in Sources */ = {isa = PBXBuildFile; fileRef = 720165BD1A420D5A002B53F9 /* ffi_arm64.c */; };
		720165C01A420D5A002B53F9 /* sysv_arm64.S in Sources */ = {isa = PBXBuildFile; fileRef = 720165BE1A420D5A002B53F9 /* sysv_arm64.S */; };
		720165C41A420D65002B53F9 /* ffi_armv7.c in Sources */ = {isa = PBXBuildFile; fileRef = 720165C11A420D65002B53F9 /* ffi_armv7.c */; };
		720165C51A420D65002B53F9 /* sysv_armv7.S in Sources */ = {isa = PBXBuildFile; fileRef = 720165C21A420D65002B53F9 /* sysv_armv7.S */; };
		720165C61A420D65002B53F9 /* trampoline_armv7.S in Sources */ = {isa = PBXBuildFile; fileRef = 720165C31A420D65002B53F9 /* trampoline_armv7.S */; };
		720165CC1A420D71002B53F9 /* darwin_i386.S in Sources */ = {isa = PBXBuildFile; fileRef = 720165C71A420D71002B53F9 /* darwin_i386.S */; };
		720165CD1A420D71002B53F9 /* darwin64_x86_64.S in Sources */ = {isa = PBXBuildFile; fileRef = 720165C81A420D71002B53F9 /* darwin64_x86_64.S */; };
		720165CE1A420D71002B53F9 /* ffi_i386.c in Sources */ = {isa = PBXBuildFile; fileRef = 720165C91A420D71002B53F9 /* ffi_i386.c */; };
		720165CF1A420D71002B53F9 /* ffi64_x86_64.c in Sources */ = {isa = PBXBuildFile; fileRef = 720165CA1A420D71002B53F9 /* ffi64_x86_64.c */; };
		720165D01A420D71002B53F9 /* win32_i386.S in Sources */ = {isa = PBXBuildFile; fileRef = 720165CB1A420D71002B53F9 /* win32_i386.S */; };
/* End PBXBuildFile section */

/* Begin PBXCopyFilesBuildPhase section */
		720165441A4208A0002B53F9 /* CopyFiles */ = {
			isa = PBXCopyFilesBuildPhase;
			buildActionMask = 2147483647;
			dstPath = "include/$(PRODUCT_NAME)";
			dstSubfolderSpec = 16;
			files = (
			);
			runOnlyForDeploymentPostprocessing = 0;
		};
/* End PBXCopyFilesBuildPhase section */

/* Begin PBXFileReference section */
		720165461A4208A0002B53F9 /* libffi.a */ = {isa = PBXFileReference; explicitFileType = archive.ar; includeInIndex = 0; path = libffi.a; sourceTree = BUILT_PRODUCTS_DIR; };
		720165B11A420D4D002B53F9 /* closures.c */ = {isa = PBXFileReference; fileEncoding = 4; lastKnownFileType = sourcecode.c.c; name = closures.c; path = darwin/src/closures.c; sourceTree = "<group>"; };
		720165B21A420D4D002B53F9 /* debug.c */ = {isa = PBXFileReference; fileEncoding = 4; lastKnownFileType = sourcecode.c.c; name = debug.c; path = darwin/src/debug.c; sourceTree = "<group>"; };
		720165B31A420D4D002B53F9 /* java_raw_api.c */ = {isa = PBXFileReference; fileEncoding = 4; lastKnownFileType = sourcecode.c.c; name = java_raw_api.c; path = darwin/src/java_raw_api.c; sourceTree = "<group>"; };
		720165B41A420D4D002B53F9 /* prep_cif.c */ = {isa = PBXFileReference; fileEncoding = 4; lastKnownFileType = sourcecode.c.c; name = prep_cif.c; path = darwin/src/prep_cif.c; sourceTree = "<group>"; };
		720165B51A420D4D002B53F9 /* raw_api.c */ = {isa = PBXFileReference; fileEncoding = 4; lastKnownFileType = sourcecode.c.c; name = raw_api.c; path = darwin/src/raw_api.c; sourceTree = "<group>"; };
		720165B61A420D4D002B53F9 /* types.c */ = {isa = PBXFileReference; fileEncoding = 4; lastKnownFileType = sourcecode.c.c; name = types.c; path = darwin/src/types.c; sourceTree = "<group>"; };
		720165BD1A420D5A002B53F9 /* ffi_arm64.c */ = {isa = PBXFileReference; fileEncoding = 4; lastKnownFileType = sourcecode.c.c; name = ffi_arm64.c; path = darwin/src/aarch64/ffi_arm64.c; sourceTree = "<group>"; };
		720165BE1A420D5A002B53F9 /* sysv_arm64.S */ = {isa = PBXFileReference; fileEncoding = 4; lastKnownFileType = sourcecode.asm; name = sysv_arm64.S; path = darwin/src/aarch64/sysv_arm64.S; sourceTree = "<group>"; };
		720165C11A420D65002B53F9 /* ffi_armv7.c */ = {isa = PBXFileReference; fileEncoding = 4; lastKnownFileType = sourcecode.c.c; name = ffi_armv7.c; path = darwin/src/arm/ffi_armv7.c; sourceTree = "<group>"; };
		720165C21A420D65002B53F9 /* sysv_armv7.S */ = {isa = PBXFileReference; fileEncoding = 4; lastKnownFileType = sourcecode.asm; name = sysv_armv7.S; path = darwin/src/arm/sysv_armv7.S; sourceTree = "<group>"; };
		720165C31A420D65002B53F9 /* trampoline_armv7.S */ = {isa = PBXFileReference; fileEncoding = 4; lastKnownFileType = sourcecode.asm; name = trampoline_armv7.S; path = darwin/src/arm/trampoline_armv7.S; sourceTree = "<group>"; };
		720165C71A420D71002B53F9 /* darwin_i386.S */ = {isa = PBXFileReference; fileEncoding = 4; lastKnownFileType = sourcecode.asm; name = darwin_i386.S; path = darwin/src/x86/darwin_i386.S; sourceTree = "<group>"; };
		720165C81A420D71002B53F9 /* darwin64_x86_64.S */ = {isa = PBXFileReference; fileEncoding = 4; lastKnownFileType = sourcecode.asm; name = darwin64_x86_64.S; path = darwin/src/x86/darwin64_x86_64.S; sourceTree = "<group>"; };
		720165C91A420D71002B53F9 /* ffi_i386.c */ = {isa = PBXFileReference; fileEncoding = 4; lastKnownFileType = sourcecode.c.c; name = ffi_i386.c; path = darwin/src/x86/ffi_i386.c; sourceTree = "<group>"; };
		720165CA1A420D71002B53F9 /* ffi64_x86_64.c */ = {isa = PBXFileReference; fileEncoding = 4; lastKnownFileType = sourcecode.c.c; name = ffi64_x86_64.c; path = darwin/src/x86/ffi64_x86_64.c; sourceTree = "<group>"; };
		720165CB1A420D71002B53F9 /* win32_i386.S */ = {isa = PBXFileReference; fileEncoding = 4; lastKnownFileType = sourcecode.asm; name = win32_i386.S; path = darwin/src/x86/win32_i386.S; sourceTree = "<group>"; };
		720165D11A420D80002B53F9 /* ffi_arm64.h */ = {isa = PBXFileReference; fileEncoding = 4; lastKnownFileType = sourcecode.c.h; name = ffi_arm64.h; path = darwin/include/ffi_arm64.h; sourceTree = "<group>"; };
		720165D21A420D80002B53F9 /* ffi_armv7.h */ = {isa = PBXFileReference; fileEncoding = 4; lastKnownFileType = sourcecode.c.h; name = ffi_armv7.h; path = darwin/include/ffi_armv7.h; sourceTree = "<group>"; };
		720165D31A420D80002B53F9 /* ffi_common.h */ = {isa = PBXFileReference; fileEncoding = 4; lastKnownFileType = sourcecode.c.h; name = ffi_common.h; path = darwin/include/ffi_common.h; sourceTree = "<group>"; };
		720165D41A420D80002B53F9 /* ffi_i386.h */ = {isa = PBXFileReference; fileEncoding = 4; lastKnownFileType = sourcecode.c.h; name = ffi_i386.h; path = darwin/include/ffi_i386.h; sourceTree = "<group>"; };
		720165D51A420D80002B53F9 /* ffi_x86_64.h */ = {isa = PBXFileReference; fileEncoding = 4; lastKnownFileType = sourcecode.c.h; name = ffi_x86_64.h; path = darwin/include/ffi_x86_64.h; sourceTree = "<group>"; };
		720165D61A420D80002B53F9 /* ffi.h */ = {isa = PBXFileReference; fileEncoding = 4; lastKnownFileType = sourcecode.c.h; name = ffi.h; path = darwin/include/ffi.h; sourceTree = "<group>"; };
		720165D71A420D80002B53F9 /* fficonfig_arm64.h */ = {isa = PBXFileReference; fileEncoding = 4; lastKnownFileType = sourcecode.c.h; name = fficonfig_arm64.h; path = darwin/include/fficonfig_arm64.h; sourceTree = "<group>"; };
		720165D81A420D80002B53F9 /* fficonfig_armv7.h */ = {isa = PBXFileReference; fileEncoding = 4; lastKnownFileType = sourcecode.c.h; name = fficonfig_armv7.h; path = darwin/include/fficonfig_armv7.h; sourceTree = "<group>"; };
		720165D91A420D80002B53F9 /* fficonfig_i386.h */ = {isa = PBXFileReference; fileEncoding = 4; lastKnownFileType = sourcecode.c.h; name = fficonfig_i386.h; path = darwin/include/fficonfig_i386.h; sourceTree = "<group>"; };
		720165DA1A420D80002B53F9 /* fficonfig_x86_64.h */ = {isa = PBXFileReference; fileEncoding = 4; lastKnownFileType = sourcecode.c.h; name = fficonfig_x86_64.h; path = darwin/include/fficonfig_x86_64.h; sourceTree = "<group>"; };
		720165DB1A420D80002B53F9 /* fficonfig.h */ = {isa = PBXFileReference; fileEncoding = 4; lastKnownFileType = sourcecode.c.h; name = fficonfig.h; path = darwin/include/fficonfig.h; sourceTree = "<group>"; };
		720165DC1A420D80002B53F9 /* ffitarget_arm64.h */ = {isa = PBXFileReference; fileEncoding = 4; lastKnownFileType = sourcecode.c.h; name = ffitarget_arm64.h; path = darwin/include/ffitarget_arm64.h; sourceTree = "<group>"; };
		720165DD1A420D80002B53F9 /* ffitarget_armv7.h */ = {isa = PBXFileReference; fileEncoding = 4; lastKnownFileType = sourcecode.c.h; name = ffitarget_armv7.h; path = darwin/include/ffitarget_armv7.h; sourceTree = "<group>"; };
		720165DE1A420D80002B53F9 /* ffitarget_i386.h */ = {isa = PBXFileReference; fileEncoding = 4; lastKnownFileType = sourcecode.c.h; name = ffitarget_i386.h; path = darwin/include/ffitarget_i386.h; sourceTree = "<group>"; };
		720165DF1A420D80002B53F9 /* ffitarget_x86_64.h */ = {isa = PBXFileReference; fileEncoding = 4; lastKnownFileType = sourcecode.c.h; name = ffitarget_x86_64.h; path = darwin/include/ffitarget_x86_64.h; sourceTree = "<group>"; };
		720165E01A420D80002B53F9 /* ffitarget.h */ = {isa = PBXFileReference; fileEncoding = 4; lastKnownFileType = sourcecode.c.h; name = ffitarget.h; path = darwin/include/ffitarget.h; sourceTree = "<group>"; };
		724459FA1A6954FC00D22C2C /* Debug Mobile.xcconfig */ = {isa = PBXFileReference; fileEncoding = 4; lastKnownFileType = text.xcconfig; name = "Debug Mobile.xcconfig"; path = "../livecode-8/rules/Debug Mobile.xcconfig"; sourceTree = "<group>"; };
		724459FB1A6954FC00D22C2C /* Global Mobile.xcconfig */ = {isa = PBXFileReference; fileEncoding = 4; lastKnownFileType = text.xcconfig; name = "Global Mobile.xcconfig"; path = "../livecode-8/rules/Global Mobile.xcconfig"; sourceTree = "<group>"; };
		724459FC1A6954FC00D22C2C /* Release Mobile.xcconfig */ = {isa = PBXFileReference; fileEncoding = 4; lastKnownFileType = text.xcconfig; name = "Release Mobile.xcconfig"; path = "../livecode-8/rules/Release Mobile.xcconfig"; sourceTree = "<group>"; };
/* End PBXFileReference section */

/* Begin PBXFrameworksBuildPhase section */
		720165431A4208A0002B53F9 /* Frameworks */ = {
			isa = PBXFrameworksBuildPhase;
			buildActionMask = 2147483647;
			files = (
			);
			runOnlyForDeploymentPostprocessing = 0;
		};
/* End PBXFrameworksBuildPhase section */

/* Begin PBXGroup section */
		720165381A42086A002B53F9 = {
			isa = PBXGroup;
			children = (
				720165861A420A6F002B53F9 /* Headers */,
				720165621A4209BD002B53F9 /* Sources */,
				720165611A42095D002B53F9 /* Configurations */,
				720165471A4208A0002B53F9 /* Products */,
			);
			sourceTree = "<group>";
		};
		720165471A4208A0002B53F9 /* Products */ = {
			isa = PBXGroup;
			children = (
				720165461A4208A0002B53F9 /* libffi.a */,
			);
			name = Products;
			sourceTree = "<group>";
		};
		720165611A42095D002B53F9 /* Configurations */ = {
			isa = PBXGroup;
			children = (
				724459FA1A6954FC00D22C2C /* Debug Mobile.xcconfig */,
				724459FB1A6954FC00D22C2C /* Global Mobile.xcconfig */,
				724459FC1A6954FC00D22C2C /* Release Mobile.xcconfig */,
			);
			name = Configurations;
			path = ../../../libfoundation;
			sourceTree = "<group>";
		};
		720165621A4209BD002B53F9 /* Sources */ = {
			isa = PBXGroup;
			children = (
				720165B11A420D4D002B53F9 /* closures.c */,
				720165B21A420D4D002B53F9 /* debug.c */,
				720165B31A420D4D002B53F9 /* java_raw_api.c */,
				720165B41A420D4D002B53F9 /* prep_cif.c */,
				720165B51A420D4D002B53F9 /* raw_api.c */,
				720165B61A420D4D002B53F9 /* types.c */,
				720165701A4209EF002B53F9 /* AArch64 */,
				7201656F1A4209E9002B53F9 /* ARM */,
				720165711A4209F7002B53F9 /* x86 */,
			);
			name = Sources;
			sourceTree = "<group>";
		};
		7201656F1A4209E9002B53F9 /* ARM */ = {
			isa = PBXGroup;
			children = (
				720165C11A420D65002B53F9 /* ffi_armv7.c */,
				720165C21A420D65002B53F9 /* sysv_armv7.S */,
				720165C31A420D65002B53F9 /* trampoline_armv7.S */,
			);
			name = ARM;
			sourceTree = "<group>";
		};
		720165701A4209EF002B53F9 /* AArch64 */ = {
			isa = PBXGroup;
			children = (
				720165BD1A420D5A002B53F9 /* ffi_arm64.c */,
				720165BE1A420D5A002B53F9 /* sysv_arm64.S */,
			);
			name = AArch64;
			sourceTree = "<group>";
		};
		720165711A4209F7002B53F9 /* x86 */ = {
			isa = PBXGroup;
			children = (
				720165C71A420D71002B53F9 /* darwin_i386.S */,
				720165C81A420D71002B53F9 /* darwin64_x86_64.S */,
				720165C91A420D71002B53F9 /* ffi_i386.c */,
				720165CA1A420D71002B53F9 /* ffi64_x86_64.c */,
				720165CB1A420D71002B53F9 /* win32_i386.S */,
			);
			name = x86;
			sourceTree = "<group>";
		};
		720165861A420A6F002B53F9 /* Headers */ = {
			isa = PBXGroup;
			children = (
				720165D11A420D80002B53F9 /* ffi_arm64.h */,
				720165D21A420D80002B53F9 /* ffi_armv7.h */,
				720165D31A420D80002B53F9 /* ffi_common.h */,
				720165D41A420D80002B53F9 /* ffi_i386.h */,
				720165D51A420D80002B53F9 /* ffi_x86_64.h */,
				720165D61A420D80002B53F9 /* ffi.h */,
				720165D71A420D80002B53F9 /* fficonfig_arm64.h */,
				720165D81A420D80002B53F9 /* fficonfig_armv7.h */,
				720165D91A420D80002B53F9 /* fficonfig_i386.h */,
				720165DA1A420D80002B53F9 /* fficonfig_x86_64.h */,
				720165DB1A420D80002B53F9 /* fficonfig.h */,
				720165DC1A420D80002B53F9 /* ffitarget_arm64.h */,
				720165DD1A420D80002B53F9 /* ffitarget_armv7.h */,
				720165DE1A420D80002B53F9 /* ffitarget_i386.h */,
				720165DF1A420D80002B53F9 /* ffitarget_x86_64.h */,
				720165E01A420D80002B53F9 /* ffitarget.h */,
			);
			name = Headers;
			sourceTree = "<group>";
		};
/* End PBXGroup section */

/* Begin PBXNativeTarget section */
		720165451A4208A0002B53F9 /* libffi */ = {
			isa = PBXNativeTarget;
			buildConfigurationList = 720165581A4208A0002B53F9 /* Build configuration list for PBXNativeTarget "libffi" */;
			buildPhases = (
				720165421A4208A0002B53F9 /* Sources */,
				720165431A4208A0002B53F9 /* Frameworks */,
				720165441A4208A0002B53F9 /* CopyFiles */,
			);
			buildRules = (
			);
			dependencies = (
			);
			name = libffi;
			productName = libffi;
			productReference = 720165461A4208A0002B53F9 /* libffi.a */;
			productType = "com.apple.product-type.library.static";
		};
/* End PBXNativeTarget section */

/* Begin PBXProject section */
		720165391A42086A002B53F9 /* Project object */ = {
			isa = PBXProject;
			attributes = {
				LastUpgradeCheck = 0610;
				TargetAttributes = {
					720165451A4208A0002B53F9 = {
						CreatedOnToolsVersion = 6.1.1;
					};
				};
			};
			buildConfigurationList = 7201653C1A42086A002B53F9 /* Build configuration list for PBXProject "libffi-mobile" */;
			compatibilityVersion = "Xcode 3.2";
			developmentRegion = English;
			hasScannedForEncodings = 0;
			knownRegions = (
				en,
			);
			mainGroup = 720165381A42086A002B53F9;
			productRefGroup = 720165471A4208A0002B53F9 /* Products */;
			projectDirPath = "";
			projectRoot = "";
			targets = (
				720165451A4208A0002B53F9 /* libffi */,
			);
		};
/* End PBXProject section */

/* Begin PBXSourcesBuildPhase section */
		720165421A4208A0002B53F9 /* Sources */ = {
			isa = PBXSourcesBuildPhase;
			buildActionMask = 2147483647;
			files = (
				720165B91A420D4D002B53F9 /* java_raw_api.c in Sources */,
				720165B71A420D4D002B53F9 /* closures.c in Sources */,
				720165B81A420D4D002B53F9 /* debug.c in Sources */,
				720165CF1A420D71002B53F9 /* ffi64_x86_64.c in Sources */,
				720165CE1A420D71002B53F9 /* ffi_i386.c in Sources */,
				720165C01A420D5A002B53F9 /* sysv_arm64.S in Sources */,
				720165CD1A420D71002B53F9 /* darwin64_x86_64.S in Sources */,
				720165C51A420D65002B53F9 /* sysv_armv7.S in Sources */,
				720165BC1A420D4D002B53F9 /* types.c in Sources */,
				720165D01A420D71002B53F9 /* win32_i386.S in Sources */,
				720165BB1A420D4D002B53F9 /* raw_api.c in Sources */,
				720165BF1A420D5A002B53F9 /* ffi_arm64.c in Sources */,
				720165CC1A420D71002B53F9 /* darwin_i386.S in Sources */,
				720165C41A420D65002B53F9 /* ffi_armv7.c in Sources */,
				720165BA1A420D4D002B53F9 /* prep_cif.c in Sources */,
				720165C61A420D65002B53F9 /* trampoline_armv7.S in Sources */,
			);
			runOnlyForDeploymentPostprocessing = 0;
		};
/* End PBXSourcesBuildPhase section */

/* Begin XCBuildConfiguration section */
		7201653D1A42086A002B53F9 /* Debug */ = {
			isa = XCBuildConfiguration;
			baseConfigurationReference = 724459FA1A6954FC00D22C2C /* Debug Mobile.xcconfig */;
			buildSettings = {
				OWNER = ..;
			};
			name = Debug;
		};
		720165591A4208A0002B53F9 /* Debug */ = {
			isa = XCBuildConfiguration;
			buildSettings = {
				ALWAYS_SEARCH_USER_PATHS = YES;
				CLANG_CXX_LANGUAGE_STANDARD = "gnu++0x";
				CLANG_CXX_LIBRARY = "libc++";
				CLANG_ENABLE_MODULES = YES;
				CLANG_ENABLE_OBJC_ARC = YES;
				CLANG_WARN_BOOL_CONVERSION = YES;
				CLANG_WARN_CONSTANT_CONVERSION = YES;
				CLANG_WARN_DIRECT_OBJC_ISA_USAGE = YES_ERROR;
				CLANG_WARN_EMPTY_BODY = YES;
				CLANG_WARN_ENUM_CONVERSION = YES;
				CLANG_WARN_INT_CONVERSION = YES;
				CLANG_WARN_OBJC_ROOT_CLASS = YES_ERROR;
				CLANG_WARN_UNREACHABLE_CODE = YES;
				CLANG_WARN__DUPLICATE_METHOD_MATCH = YES;
				COPY_PHASE_STRIP = NO;
				ENABLE_STRICT_OBJC_MSGSEND = YES;
				GCC_C_LANGUAGE_STANDARD = gnu99;
				GCC_DYNAMIC_NO_PIC = NO;
				GCC_OPTIMIZATION_LEVEL = 0;
				GCC_PREPROCESSOR_DEFINITIONS = (
					"DEBUG=1",
					"$(inherited)",
				);
				GCC_SYMBOLS_PRIVATE_EXTERN = NO;
				GCC_WARN_64_TO_32_BIT_CONVERSION = YES;
				GCC_WARN_ABOUT_RETURN_TYPE = YES_ERROR;
				GCC_WARN_UNDECLARED_SELECTOR = YES;
				GCC_WARN_UNINITIALIZED_AUTOS = YES_AGGRESSIVE;
				GCC_WARN_UNUSED_FUNCTION = YES;
				GCC_WARN_UNUSED_VARIABLE = YES;
				HEADER_SEARCH_PATHS = (
					"\"$(SOLUTION_DIR)/libfoundation/include\"",
					"\"$(SOLUTION_DIR)/lcidlc/include\"",
					"\"$(SOLUTION_DIR)/libgraphics/include\"",
					"\"$(SOLUTION_DIR)/libexternal/include\"",
					"\"$(SOLUTION_DIR)/libexternalv1/include\"",
					"\"$(SOLUTION_DIR)/thirdparty/libz/include\"",
					"\"$(SOLUTION_DIR)/thirdparty/libpng/include\"",
					"\"$(SOLUTION_DIR)/thirdparty/libjpeg/include\"",
					"\"$(SOLUTION_DIR)/thirdparty/libpcre/include\"",
					"\"$(SOLUTION_DIR)/thirdparty/libxml/include\"",
					"\"$(SOLUTION_DIR)/thirdparty/libxslt/include\"",
					"\"$(SOLUTION_DIR)/engine/include\"",
					"\"$(SOLUTION_DIR)/thirdparty/libcairo/src\"",
					"\"$(SOLUTION_DIR)/thirdparty/libsqlite/include\"",
					"\"$(SOLUTION_DIR)/thirdparty/libmysql/include\"",
					"\"$(SOLUTION_DIR)/thirdparty/libgif/include\"",
					"\"$(SOLUTION_DIR)/thirdparty/libzip/include\"",
					"\"$(SOLUTION_DIR)/thirdparty/libskia/include/config\"",
					"\"$(SOLUTION_DIR)/thirdparty/libskia/include/core\"",
					"\"$(SOLUTION_DIR)/thirdparty/libskia/include/effects\"",
					"\"$(SOLUTION_DIR)/thirdparty/libskia/include/pathops\"",
					"\"$(SOLUTION_DIR)/thirdparty/libopenssl/include\"",
					"$(SOLUTION_DIR)/thirdparty/libffi/darwin/include",
				);
				IPHONEOS_DEPLOYMENT_TARGET = 8.1;
				MTL_ENABLE_DEBUG_INFO = YES;
				OTHER_LDFLAGS = "-ObjC";
				PRODUCT_NAME = ffi;
				SKIP_INSTALL = YES;
			};
			name = Debug;
		};
		724459F81A6954B400D22C2C /* Release */ = {
			isa = XCBuildConfiguration;
			baseConfigurationReference = 724459FC1A6954FC00D22C2C /* Release Mobile.xcconfig */;
			buildSettings = {
				OWNER = ..;
			};
			name = Release;
		};
		724459F91A6954B400D22C2C /* Release */ = {
			isa = XCBuildConfiguration;
			buildSettings = {
				ALWAYS_SEARCH_USER_PATHS = YES;
				CLANG_CXX_LANGUAGE_STANDARD = "gnu++0x";
				CLANG_CXX_LIBRARY = "libc++";
				CLANG_ENABLE_MODULES = YES;
				CLANG_ENABLE_OBJC_ARC = YES;
				CLANG_WARN_BOOL_CONVERSION = YES;
				CLANG_WARN_CONSTANT_CONVERSION = YES;
				CLANG_WARN_DIRECT_OBJC_ISA_USAGE = YES_ERROR;
				CLANG_WARN_EMPTY_BODY = YES;
				CLANG_WARN_ENUM_CONVERSION = YES;
				CLANG_WARN_INT_CONVERSION = YES;
				CLANG_WARN_OBJC_ROOT_CLASS = YES_ERROR;
				CLANG_WARN_UNREACHABLE_CODE = YES;
				CLANG_WARN__DUPLICATE_METHOD_MATCH = YES;
				COPY_PHASE_STRIP = NO;
				ENABLE_STRICT_OBJC_MSGSEND = YES;
				GCC_C_LANGUAGE_STANDARD = gnu99;
				GCC_DYNAMIC_NO_PIC = NO;
				GCC_OPTIMIZATION_LEVEL = 0;
				GCC_PREPROCESSOR_DEFINITIONS = (
					"DEBUG=1",
					"$(inherited)",
				);
				GCC_SYMBOLS_PRIVATE_EXTERN = NO;
				GCC_WARN_64_TO_32_BIT_CONVERSION = YES;
				GCC_WARN_ABOUT_RETURN_TYPE = YES_ERROR;
				GCC_WARN_UNDECLARED_SELECTOR = YES;
				GCC_WARN_UNINITIALIZED_AUTOS = YES_AGGRESSIVE;
				GCC_WARN_UNUSED_FUNCTION = YES;
				GCC_WARN_UNUSED_VARIABLE = YES;
				HEADER_SEARCH_PATHS = (
					"\"$(SOLUTION_DIR)/libfoundation/include\"",
					"\"$(SOLUTION_DIR)/lcidlc/include\"",
					"\"$(SOLUTION_DIR)/libgraphics/include\"",
					"\"$(SOLUTION_DIR)/libexternal/include\"",
					"\"$(SOLUTION_DIR)/libexternalv1/include\"",
					"\"$(SOLUTION_DIR)/thirdparty/libz/include\"",
					"\"$(SOLUTION_DIR)/thirdparty/libpng/include\"",
					"\"$(SOLUTION_DIR)/thirdparty/libjpeg/include\"",
					"\"$(SOLUTION_DIR)/thirdparty/libpcre/include\"",
					"\"$(SOLUTION_DIR)/thirdparty/libxml/include\"",
					"\"$(SOLUTION_DIR)/thirdparty/libxslt/include\"",
					"\"$(SOLUTION_DIR)/engine/include\"",
					"\"$(SOLUTION_DIR)/thirdparty/libcairo/src\"",
					"\"$(SOLUTION_DIR)/thirdparty/libsqlite/include\"",
					"\"$(SOLUTION_DIR)/thirdparty/libmysql/include\"",
					"\"$(SOLUTION_DIR)/thirdparty/libgif/include\"",
					"\"$(SOLUTION_DIR)/thirdparty/libzip/include\"",
					"\"$(SOLUTION_DIR)/thirdparty/libskia/include/config\"",
					"\"$(SOLUTION_DIR)/thirdparty/libskia/include/core\"",
					"\"$(SOLUTION_DIR)/thirdparty/libskia/include/effects\"",
					"\"$(SOLUTION_DIR)/thirdparty/libskia/include/pathops\"",
					"\"$(SOLUTION_DIR)/thirdparty/libopenssl/include\"",
					"$(SOLUTION_DIR)/thirdparty/libffi/darwin/include",
				);
				IPHONEOS_DEPLOYMENT_TARGET = 8.1;
				MTL_ENABLE_DEBUG_INFO = YES;
				OTHER_LDFLAGS = "-ObjC";
				PRODUCT_NAME = ffi;
				SKIP_INSTALL = YES;
			};
			name = Release;
		};
/* End XCBuildConfiguration section */

/* Begin XCConfigurationList section */
		7201653C1A42086A002B53F9 /* Build configuration list for PBXProject "libffi-mobile" */ = {
			isa = XCConfigurationList;
			buildConfigurations = (
				7201653D1A42086A002B53F9 /* Debug */,
				724459F81A6954B400D22C2C /* Release */,
			);
			defaultConfigurationIsVisible = 0;
			defaultConfigurationName = Debug;
		};
		720165581A4208A0002B53F9 /* Build configuration list for PBXNativeTarget "libffi" */ = {
			isa = XCConfigurationList;
			buildConfigurations = (
				720165591A4208A0002B53F9 /* Debug */,
				724459F91A6954B400D22C2C /* Release */,
			);
			defaultConfigurationIsVisible = 0;
			defaultConfigurationName = Debug;
		};
/* End XCConfigurationList section */
	};
	rootObject = 720165391A42086A002B53F9 /* Project object */;
}
