// !$*UTF8*$!
{
	archiveVersion = 1;
	classes = {
	};
	objectVersion = 46;
	objects = {

/* Begin PBXBuildFile section */
		E832B18218D9C10900083DF8 /* libcefstubs_osx.cpp in Sources */ = {isa = PBXBuildFile; fileRef = E832B18118D9C10900083DF8 /* libcefstubs_osx.cpp */; };
/* End PBXBuildFile section */

/* Begin PBXFileReference section */
		E832B10818D8ACFE00083DF8 /* Debug.xcconfig */ = {isa = PBXFileReference; fileEncoding = 4; lastKnownFileType = text.xcconfig; name = Debug.xcconfig; path = ../../rules/Debug.xcconfig; sourceTree = SOURCE_ROOT; };
		E832B10918D8ACFE00083DF8 /* Release.xcconfig */ = {isa = PBXFileReference; fileEncoding = 4; lastKnownFileType = text.xcconfig; name = Release.xcconfig; path = ../../rules/Release.xcconfig; sourceTree = SOURCE_ROOT; };
		E832B11018D8AD4800083DF8 /* libcef_stubs.a */ = {isa = PBXFileReference; explicitFileType = archive.ar; includeInIndex = 0; path = libcef_stubs.a; sourceTree = BUILT_PRODUCTS_DIR; };
		E832B18118D9C10900083DF8 /* libcefstubs_osx.cpp */ = {isa = PBXFileReference; fileEncoding = 4; lastKnownFileType = sourcecode.cpp.cpp; path = libcefstubs_osx.cpp; sourceTree = "<group>"; };
/* End PBXFileReference section */

/* Begin PBXFrameworksBuildPhase section */
		E832B10E18D8AD4800083DF8 /* Frameworks */ = {
			isa = PBXFrameworksBuildPhase;
			buildActionMask = 2147483647;
			files = (
			);
			runOnlyForDeploymentPostprocessing = 0;
		};
/* End PBXFrameworksBuildPhase section */

/* Begin PBXGroup section */
		E832B0F618D8AC9700083DF8 = {
			isa = PBXGroup;
			children = (
				E832B10618D8ACCF00083DF8 /* Configurations */,
				E832B11118D8AD4800083DF8 /* Products */,
				E832B18318D9C10D00083DF8 /* Sources */,
			);
			sourceTree = "<group>";
		};
		E832B10618D8ACCF00083DF8 /* Configurations */ = {
			isa = PBXGroup;
			children = (
				E832B10818D8ACFE00083DF8 /* Debug.xcconfig */,
				E832B10918D8ACFE00083DF8 /* Release.xcconfig */,
			);
			name = Configurations;
			sourceTree = "<group>";
		};
		E832B11118D8AD4800083DF8 /* Products */ = {
			isa = PBXGroup;
			children = (
				E832B11018D8AD4800083DF8 /* libcef_stubs.a */,
			);
			name = Products;
			sourceTree = "<group>";
		};
		E832B18318D9C10D00083DF8 /* Sources */ = {
			isa = PBXGroup;
			children = (
				E832B18118D9C10900083DF8 /* libcefstubs_osx.cpp */,
			);
			name = Sources;
			sourceTree = "<group>";
		};
/* End PBXGroup section */

/* Begin PBXHeadersBuildPhase section */
		E832B10C18D8AD4800083DF8 /* Headers */ = {
			isa = PBXHeadersBuildPhase;
			buildActionMask = 2147483647;
			files = (
			);
			runOnlyForDeploymentPostprocessing = 0;
		};
/* End PBXHeadersBuildPhase section */

/* Begin PBXNativeTarget section */
		E832B10F18D8AD4800083DF8 /* cef_stubs */ = {
			isa = PBXNativeTarget;
			buildConfigurationList = E832B11418D8AD4800083DF8 /* Build configuration list for PBXNativeTarget "cef_stubs" */;
			buildPhases = (
				E832B10C18D8AD4800083DF8 /* Headers */,
				E832B10D18D8AD4800083DF8 /* Sources */,
				E832B10E18D8AD4800083DF8 /* Frameworks */,
				E832B13118D8AEE800083DF8 /* ShellScript */,
			);
			buildRules = (
			);
			dependencies = (
			);
			name = cef_stubs;
			productName = libcef_stubs;
			productReference = E832B11018D8AD4800083DF8 /* libcef_stubs.a */;
			productType = "com.apple.product-type.library.static";
		};
/* End PBXNativeTarget section */

/* Begin PBXProject section */
		E832B0F818D8AC9700083DF8 /* Project object */ = {
			isa = PBXProject;
			buildConfigurationList = E832B0FB18D8AC9700083DF8 /* Build configuration list for PBXProject "libcef" */;
			compatibilityVersion = "Xcode 3.2";
			developmentRegion = English;
			hasScannedForEncodings = 0;
			knownRegions = (
				English,
				Japanese,
				French,
				German,
			);
			mainGroup = E832B0F618D8AC9700083DF8;
			productRefGroup = E832B11118D8AD4800083DF8 /* Products */;
			projectDirPath = "";
			projectRoot = "";
			targets = (
				E832B10F18D8AD4800083DF8 /* cef_stubs */,
			);
		};
/* End PBXProject section */

/* Begin PBXShellScriptBuildPhase section */
		E832B13118D8AEE800083DF8 /* ShellScript */ = {
			isa = PBXShellScriptBuildPhase;
			buildActionMask = 2147483647;
			files = (
			);
			inputPaths = (
				"$(SRCROOT)/libcef.stubs",
				"$(SOLUTIONDIR)/tools/weak_stub_maker.lc",
			);
			outputPaths = (
				"$(SRCROOT)/libcefstubs_osx.cpp",
			);
			runOnlyForDeploymentPostprocessing = 0;
			shellPath = /bin/sh;
			shellScript = "\"$SOLUTION_DIR/prebuilt/bin/Revolution.osx\" \"$SOLUTION_DIR/tools/weak_stub_maker.lc\" < \"$SRCROOT/libcef.stubs\" > \"$SRCROOT/libcefstubs_osx.cpp\"";
		};
/* End PBXShellScriptBuildPhase section */

/* Begin PBXSourcesBuildPhase section */
		E832B10D18D8AD4800083DF8 /* Sources */ = {
			isa = PBXSourcesBuildPhase;
			buildActionMask = 2147483647;
			files = (
				E832B18218D9C10900083DF8 /* libcefstubs_osx.cpp in Sources */,
			);
			runOnlyForDeploymentPostprocessing = 0;
		};
/* End PBXSourcesBuildPhase section */

/* Begin XCBuildConfiguration section */
		E832B0F918D8AC9700083DF8 /* Debug */ = {
			isa = XCBuildConfiguration;
			baseConfigurationReference = E832B10818D8ACFE00083DF8 /* Debug.xcconfig */;
			buildSettings = {
				OWNER = ..;
			};
			name = Debug;
		};
		E832B0FA18D8AC9700083DF8 /* Release */ = {
			isa = XCBuildConfiguration;
			baseConfigurationReference = E832B10918D8ACFE00083DF8 /* Release.xcconfig */;
			buildSettings = {
				OWNER = ..;
			};
			name = Release;
		};
		E832B11218D8AD4800083DF8 /* Debug */ = {
			isa = XCBuildConfiguration;
			buildSettings = {
				PRODUCT_NAME = cef_stubs;
			};
			name = Debug;
		};
		E832B11318D8AD4800083DF8 /* Release */ = {
			isa = XCBuildConfiguration;
			buildSettings = {
				PRODUCT_NAME = cef_stubs;
			};
			name = Release;
		};
/* End XCBuildConfiguration section */

/* Begin XCConfigurationList section */
		E832B0FB18D8AC9700083DF8 /* Build configuration list for PBXProject "libcef" */ = {
			isa = XCConfigurationList;
			buildConfigurations = (
				E832B0F918D8AC9700083DF8 /* Debug */,
				E832B0FA18D8AC9700083DF8 /* Release */,
			);
			defaultConfigurationIsVisible = 0;
			defaultConfigurationName = Release;
		};
		E832B11418D8AD4800083DF8 /* Build configuration list for PBXNativeTarget "cef_stubs" */ = {
			isa = XCConfigurationList;
			buildConfigurations = (
				E832B11218D8AD4800083DF8 /* Debug */,
				E832B11318D8AD4800083DF8 /* Release */,
			);
			defaultConfigurationIsVisible = 0;
			defaultConfigurationName = Release;
		};
/* End XCConfigurationList section */
	};
	rootObject = E832B0F818D8AC9700083DF8 /* Project object */;
}
